
Microsoft Visual Studio Solution File, Format Version 9.00
# Visual Studio 2005
Project("{8BC9CEB8-8B4A-11D0-8D11-00A0C91BC942}") = "PatchBuilder", "PatchBuilder.vcproj", "{397FD20A-CACF-44C5-AB33-991F73C1E86F}"
	ProjectSection(ProjectDependencies) = postProject
		{BE23CF77-921D-4747-A02A-038DB1E487E2} = {BE23CF77-921D-4747-A02A-038DB1E487E2}
		{ECAA74A5-5200-4BD9-A3EE-072999A59873} = {ECAA74A5-5200-4BD9-A3EE-072999A59873}
		{89343DCF-FB2E-4A86-83BF-9AD3DCA0062B} = {89343DCF-FB2E-4A86-83BF-9AD3DCA0062B}
		{A33FA286-FDA9-4C6D-A7EE-D3DE5F62F5AD} = {A33FA286-FDA9-4C6D-A7EE-D3DE5F62F5AD}
	EndProjectSection
EndProject
Project("{8BC9CEB8-8B4A-11D0-8D11-00A0C91BC942}") = "Utility", "..\..\Common\Utility\Utility.vcproj", "{89343DCF-FB2E-4A86-83BF-9AD3DCA0062B}"
EndProject
Project("{8BC9CEB8-8B4A-11D0-8D11-00A0C91BC942}") = "tinyxmlSTL", "..\..\Common\tinyxml\tinyxmlSTL.vcproj", "{BE23CF77-921D-4747-A02A-038DB1E487E2}"
EndProject
Project("{8BC9CEB8-8B4A-11D0-8D11-00A0C91BC942}") = "EtFileSystem", "..\..\Common\EtFileSystem\EtFileSystem.vcproj", "{A33FA286-FDA9-4C6D-A7EE-D3DE5F62F5AD}"
EndProject
Project("{8BC9CEB8-8B4A-11D0-8D11-00A0C91BC942}") = "zlib", "..\..\Common\zlib\zlib.vcproj", "{ECAA74A5-5200-4BD9-A3EE-072999A59873}"
EndProject
Global
	GlobalSection(SolutionConfigurationPlatforms) = preSolution
		Debug_CH|Win32 = Debug_CH|Win32
		Debug_DLL|Win32 = Debug_DLL|Win32
		Debug_JP|Win32 = Debug_JP|Win32
		Debug_Kr|Win32 = Debug_Kr|Win32
		Debug_LocalBuild|Win32 = Debug_LocalBuild|Win32
		Debug|Win32 = Debug|Win32
		RDebug|Win32 = RDebug|Win32
		Release_CH|Win32 = Release_CH|Win32
		Release_DLL|Win32 = Release_DLL|Win32
		Release_Final|Win32 = Release_Final|Win32
		Release_JP|Win32 = Release_JP|Win32
		Release_KR|Win32 = Release_KR|Win32
		Release_LTCG|Win32 = Release_LTCG|Win32
		Release|Win32 = Release|Win32
	EndGlobalSection
	GlobalSection(ProjectConfigurationPlatforms) = postSolution
		{397FD20A-CACF-44C5-AB33-991F73C1E86F}.Debug_CH|Win32.ActiveCfg = Debug|Win32
		{397FD20A-CACF-44C5-AB33-991F73C1E86F}.Debug_CH|Win32.Build.0 = Debug|Win32
		{397FD20A-CACF-44C5-AB33-991F73C1E86F}.Debug_DLL|Win32.ActiveCfg = Debug|Win32
		{397FD20A-CACF-44C5-AB33-991F73C1E86F}.Debug_DLL|Win32.Build.0 = Debug|Win32
		{397FD20A-CACF-44C5-AB33-991F73C1E86F}.Debug_JP|Win32.ActiveCfg = Debug|Win32
		{397FD20A-CACF-44C5-AB33-991F73C1E86F}.Debug_JP|Win32.Build.0 = Debug|Win32
		{397FD20A-CACF-44C5-AB33-991F73C1E86F}.Debug_Kr|Win32.ActiveCfg = Debug|Win32
		{397FD20A-CACF-44C5-AB33-991F73C1E86F}.Debug_Kr|Win32.Build.0 = Debug|Win32
		{397FD20A-CACF-44C5-AB33-991F73C1E86F}.Debug_LocalBuild|Win32.ActiveCfg = Debug|Win32
		{397FD20A-CACF-44C5-AB33-991F73C1E86F}.Debug_LocalBuild|Win32.Build.0 = Debug|Win32
		{397FD20A-CACF-44C5-AB33-991F73C1E86F}.Debug|Win32.ActiveCfg = Debug|Win32
		{397FD20A-CACF-44C5-AB33-991F73C1E86F}.Debug|Win32.Build.0 = Debug|Win32
		{397FD20A-CACF-44C5-AB33-991F73C1E86F}.RDebug|Win32.ActiveCfg = Debug|Win32
		{397FD20A-CACF-44C5-AB33-991F73C1E86F}.RDebug|Win32.Build.0 = Debug|Win32
		{397FD20A-CACF-44C5-AB33-991F73C1E86F}.Release_CH|Win32.ActiveCfg = Release|Win32
		{397FD20A-CACF-44C5-AB33-991F73C1E86F}.Release_CH|Win32.Build.0 = Release|Win32
		{397FD20A-CACF-44C5-AB33-991F73C1E86F}.Release_DLL|Win32.ActiveCfg = Release|Win32
		{397FD20A-CACF-44C5-AB33-991F73C1E86F}.Release_DLL|Win32.Build.0 = Release|Win32
		{397FD20A-CACF-44C5-AB33-991F73C1E86F}.Release_Final|Win32.ActiveCfg = Release|Win32
		{397FD20A-CACF-44C5-AB33-991F73C1E86F}.Release_Final|Win32.Build.0 = Release|Win32
		{397FD20A-CACF-44C5-AB33-991F73C1E86F}.Release_JP|Win32.ActiveCfg = Release|Win32
		{397FD20A-CACF-44C5-AB33-991F73C1E86F}.Release_JP|Win32.Build.0 = Release|Win32
		{397FD20A-CACF-44C5-AB33-991F73C1E86F}.Release_KR|Win32.ActiveCfg = Release|Win32
		{397FD20A-CACF-44C5-AB33-991F73C1E86F}.Release_KR|Win32.Build.0 = Release|Win32
		{397FD20A-CACF-44C5-AB33-991F73C1E86F}.Release_LTCG|Win32.ActiveCfg = Release|Win32
		{397FD20A-CACF-44C5-AB33-991F73C1E86F}.Release_LTCG|Win32.Build.0 = Release|Win32
		{397FD20A-CACF-44C5-AB33-991F73C1E86F}.Release|Win32.ActiveCfg = Release|Win32
		{397FD20A-CACF-44C5-AB33-991F73C1E86F}.Release|Win32.Build.0 = Release|Win32
		{89343DCF-FB2E-4A86-83BF-9AD3DCA0062B}.Debug_CH|Win32.ActiveCfg = Debug_CH|Win32
		{89343DCF-FB2E-4A86-83BF-9AD3DCA0062B}.Debug_CH|Win32.Build.0 = Debug_CH|Win32
		{89343DCF-FB2E-4A86-83BF-9AD3DCA0062B}.Debug_DLL|Win32.ActiveCfg = Debug_DLL|Win32
		{89343DCF-FB2E-4A86-83BF-9AD3DCA0062B}.Debug_DLL|Win32.Build.0 = Debug_DLL|Win32
		{89343DCF-FB2E-4A86-83BF-9AD3DCA0062B}.Debug_JP|Win32.ActiveCfg = Debug_JP|Win32
		{89343DCF-FB2E-4A86-83BF-9AD3DCA0062B}.Debug_JP|Win32.Build.0 = Debug_JP|Win32
		{89343DCF-FB2E-4A86-83BF-9AD3DCA0062B}.Debug_Kr|Win32.ActiveCfg = Debug_Kr|Win32
		{89343DCF-FB2E-4A86-83BF-9AD3DCA0062B}.Debug_Kr|Win32.Build.0 = Debug_Kr|Win32
		{89343DCF-FB2E-4A86-83BF-9AD3DCA0062B}.Debug_LocalBuild|Win32.ActiveCfg = Debug_LocalBuild|Win32
		{89343DCF-FB2E-4A86-83BF-9AD3DCA0062B}.Debug_LocalBuild|Win32.Build.0 = Debug_LocalBuild|Win32
		{89343DCF-FB2E-4A86-83BF-9AD3DCA0062B}.Debug|Win32.ActiveCfg = Debug|Win32
		{89343DCF-FB2E-4A86-83BF-9AD3DCA0062B}.Debug|Win32.Build.0 = Debug|Win32
		{89343DCF-FB2E-4A86-83BF-9AD3DCA0062B}.RDebug|Win32.ActiveCfg = RDebug|Win32
		{89343DCF-FB2E-4A86-83BF-9AD3DCA0062B}.RDebug|Win32.Build.0 = RDebug|Win32
		{89343DCF-FB2E-4A86-83BF-9AD3DCA0062B}.Release_CH|Win32.ActiveCfg = Release_CH|Win32
		{89343DCF-FB2E-4A86-83BF-9AD3DCA0062B}.Release_CH|Win32.Build.0 = Release_CH|Win32
		{89343DCF-FB2E-4A86-83BF-9AD3DCA0062B}.Release_DLL|Win32.ActiveCfg = Release_DLL|Win32
		{89343DCF-FB2E-4A86-83BF-9AD3DCA0062B}.Release_DLL|Win32.Build.0 = Release_DLL|Win32
		{89343DCF-FB2E-4A86-83BF-9AD3DCA0062B}.Release_Final|Win32.ActiveCfg = Release_Final|Win32
		{89343DCF-FB2E-4A86-83BF-9AD3DCA0062B}.Release_Final|Win32.Build.0 = Release_Final|Win32
		{89343DCF-FB2E-4A86-83BF-9AD3DCA0062B}.Release_JP|Win32.ActiveCfg = Release_JP|Win32
		{89343DCF-FB2E-4A86-83BF-9AD3DCA0062B}.Release_JP|Win32.Build.0 = Release_JP|Win32
		{89343DCF-FB2E-4A86-83BF-9AD3DCA0062B}.Release_KR|Win32.ActiveCfg = Release_KR|Win32
		{89343DCF-FB2E-4A86-83BF-9AD3DCA0062B}.Release_KR|Win32.Build.0 = Release_KR|Win32
		{89343DCF-FB2E-4A86-83BF-9AD3DCA0062B}.Release_LTCG|Win32.ActiveCfg = Release_JP|Win32
		{89343DCF-FB2E-4A86-83BF-9AD3DCA0062B}.Release_LTCG|Win32.Build.0 = Release_JP|Win32
		{89343DCF-FB2E-4A86-83BF-9AD3DCA0062B}.Release|Win32.ActiveCfg = Release|Win32
		{89343DCF-FB2E-4A86-83BF-9AD3DCA0062B}.Release|Win32.Build.0 = Release|Win32
		{BE23CF77-921D-4747-A02A-038DB1E487E2}.Debug_CH|Win32.ActiveCfg = Debug_CH|Win32
		{BE23CF77-921D-4747-A02A-038DB1E487E2}.Debug_CH|Win32.Build.0 = Debug_CH|Win32
		{BE23CF77-921D-4747-A02A-038DB1E487E2}.Debug_DLL|Win32.ActiveCfg = Debug_DLL|Win32
		{BE23CF77-921D-4747-A02A-038DB1E487E2}.Debug_DLL|Win32.Build.0 = Debug_DLL|Win32
		{BE23CF77-921D-4747-A02A-038DB1E487E2}.Debug_JP|Win32.ActiveCfg = Debug_JP|Win32
		{BE23CF77-921D-4747-A02A-038DB1E487E2}.Debug_JP|Win32.Build.0 = Debug_JP|Win32
		{BE23CF77-921D-4747-A02A-038DB1E487E2}.Debug_Kr|Win32.ActiveCfg = Debug_Kr|Win32
		{BE23CF77-921D-4747-A02A-038DB1E487E2}.Debug_Kr|Win32.Build.0 = Debug_Kr|Win32
		{BE23CF77-921D-4747-A02A-038DB1E487E2}.Debug_LocalBuild|Win32.ActiveCfg = Debug_LocalBuild|Win32
		{BE23CF77-921D-4747-A02A-038DB1E487E2}.Debug_LocalBuild|Win32.Build.0 = Debug_LocalBuild|Win32
		{BE23CF77-921D-4747-A02A-038DB1E487E2}.Debug|Win32.ActiveCfg = Debug|Win32
		{BE23CF77-921D-4747-A02A-038DB1E487E2}.Debug|Win32.Build.0 = Debug|Win32
		{BE23CF77-921D-4747-A02A-038DB1E487E2}.RDebug|Win32.ActiveCfg = RDebug|Win32
		{BE23CF77-921D-4747-A02A-038DB1E487E2}.RDebug|Win32.Build.0 = RDebug|Win32
		{BE23CF77-921D-4747-A02A-038DB1E487E2}.Release_CH|Win32.ActiveCfg = Release_CH|Win32
		{BE23CF77-921D-4747-A02A-038DB1E487E2}.Release_CH|Win32.Build.0 = Release_CH|Win32
		{BE23CF77-921D-4747-A02A-038DB1E487E2}.Release_DLL|Win32.ActiveCfg = Release_DLL|Win32
		{BE23CF77-921D-4747-A02A-038DB1E487E2}.Release_DLL|Win32.Build.0 = Release_DLL|Win32
		{BE23CF77-921D-4747-A02A-038DB1E487E2}.Release_Final|Win32.ActiveCfg = Release_JP|Win32
		{BE23CF77-921D-4747-A02A-038DB1E487E2}.Release_Final|Win32.Build.0 = Release_JP|Win32
		{BE23CF77-921D-4747-A02A-038DB1E487E2}.Release_JP|Win32.ActiveCfg = Release_JP|Win32
		{BE23CF77-921D-4747-A02A-038DB1E487E2}.Release_JP|Win32.Build.0 = Release_JP|Win32
		{BE23CF77-921D-4747-A02A-038DB1E487E2}.Release_KR|Win32.ActiveCfg = Release_KR|Win32
		{BE23CF77-921D-4747-A02A-038DB1E487E2}.Release_KR|Win32.Build.0 = Release_KR|Win32
		{BE23CF77-921D-4747-A02A-038DB1E487E2}.Release_LTCG|Win32.ActiveCfg = Release_JP|Win32
		{BE23CF77-921D-4747-A02A-038DB1E487E2}.Release_LTCG|Win32.Build.0 = Release_JP|Win32
		{BE23CF77-921D-4747-A02A-038DB1E487E2}.Release|Win32.ActiveCfg = Release|Win32
		{BE23CF77-921D-4747-A02A-038DB1E487E2}.Release|Win32.Build.0 = Release|Win32
		{A33FA286-FDA9-4C6D-A7EE-D3DE5F62F5AD}.Debug_CH|Win32.ActiveCfg = Debug_CH|Win32
		{A33FA286-FDA9-4C6D-A7EE-D3DE5F62F5AD}.Debug_CH|Win32.Build.0 = Debug_CH|Win32
		{A33FA286-FDA9-4C6D-A7EE-D3DE5F62F5AD}.Debug_DLL|Win32.ActiveCfg = Debug_DLL|Win32
		{A33FA286-FDA9-4C6D-A7EE-D3DE5F62F5AD}.Debug_DLL|Win32.Build.0 = Debug_DLL|Win32
		{A33FA286-FDA9-4C6D-A7EE-D3DE5F62F5AD}.Debug_JP|Win32.ActiveCfg = Debug_JP|Win32
		{A33FA286-FDA9-4C6D-A7EE-D3DE5F62F5AD}.Debug_JP|Win32.Build.0 = Debug_JP|Win32
		{A33FA286-FDA9-4C6D-A7EE-D3DE5F62F5AD}.Debug_Kr|Win32.ActiveCfg = Debug_Kr|Win32
		{A33FA286-FDA9-4C6D-A7EE-D3DE5F62F5AD}.Debug_Kr|Win32.Build.0 = Debug_Kr|Win32
		{A33FA286-FDA9-4C6D-A7EE-D3DE5F62F5AD}.Debug_LocalBuild|Win32.ActiveCfg = Debug_LocalBuild|Win32
		{A33FA286-FDA9-4C6D-A7EE-D3DE5F62F5AD}.Debug_LocalBuild|Win32.Build.0 = Debug_LocalBuild|Win32
		{A33FA286-FDA9-4C6D-A7EE-D3DE5F62F5AD}.Debug|Win32.ActiveCfg = Debug|Win32
		{A33FA286-FDA9-4C6D-A7EE-D3DE5F62F5AD}.Debug|Win32.Build.0 = Debug|Win32
		{A33FA286-FDA9-4C6D-A7EE-D3DE5F62F5AD}.RDebug|Win32.ActiveCfg = RDebug|Win32
		{A33FA286-FDA9-4C6D-A7EE-D3DE5F62F5AD}.RDebug|Win32.Build.0 = RDebug|Win32
		{A33FA286-FDA9-4C6D-A7EE-D3DE5F62F5AD}.Release_CH|Win32.ActiveCfg = Release_CH|Win32
		{A33FA286-FDA9-4C6D-A7EE-D3DE5F62F5AD}.Release_CH|Win32.Build.0 = Release_CH|Win32
		{A33FA286-FDA9-4C6D-A7EE-D3DE5F62F5AD}.Release_DLL|Win32.ActiveCfg = Release_DLL|Win32
		{A33FA286-FDA9-4C6D-A7EE-D3DE5F62F5AD}.Release_DLL|Win32.Build.0 = Release_DLL|Win32
		{A33FA286-FDA9-4C6D-A7EE-D3DE5F62F5AD}.Release_Final|Win32.ActiveCfg = Release_JP|Win32
		{A33FA286-FDA9-4C6D-A7EE-D3DE5F62F5AD}.Release_Final|Win32.Build.0 = Release_JP|Win32
		{A33FA286-FDA9-4C6D-A7EE-D3DE5F62F5AD}.Release_JP|Win32.ActiveCfg = Release_JP|Win32
		{A33FA286-FDA9-4C6D-A7EE-D3DE5F62F5AD}.Release_JP|Win32.Build.0 = Release_JP|Win32
		{A33FA286-FDA9-4C6D-A7EE-D3DE5F62F5AD}.Release_KR|Win32.ActiveCfg = Release_KR|Win32
		{A33FA286-FDA9-4C6D-A7EE-D3DE5F62F5AD}.Release_KR|Win32.Build.0 = Release_KR|Win32
		{A33FA286-FDA9-4C6D-A7EE-D3DE5F62F5AD}.Release_LTCG|Win32.ActiveCfg = Release_JP|Win32
		{A33FA286-FDA9-4C6D-A7EE-D3DE5F62F5AD}.Release_LTCG|Win32.Build.0 = Release_JP|Win32
		{A33FA286-FDA9-4C6D-A7EE-D3DE5F62F5AD}.Release|Win32.ActiveCfg = Release|Win32
		{A33FA286-FDA9-4C6D-A7EE-D3DE5F62F5AD}.Release|Win32.Build.0 = Release|Win32
		{ECAA74A5-5200-4BD9-A3EE-072999A59873}.Debug_CH|Win32.ActiveCfg = Debug_CH|Win32
		{ECAA74A5-5200-4BD9-A3EE-072999A59873}.Debug_CH|Win32.Build.0 = Debug_CH|Win32
		{ECAA74A5-5200-4BD9-A3EE-072999A59873}.Debug_DLL|Win32.ActiveCfg = Debug_DLL|Win32
		{ECAA74A5-5200-4BD9-A3EE-072999A59873}.Debug_DLL|Win32.Build.0 = Debug_DLL|Win32
		{ECAA74A5-5200-4BD9-A3EE-072999A59873}.Debug_JP|Win32.ActiveCfg = Debug_JP|Win32
		{ECAA74A5-5200-4BD9-A3EE-072999A59873}.Debug_JP|Win32.Build.0 = Debug_JP|Win32
		{ECAA74A5-5200-4BD9-A3EE-072999A59873}.Debug_Kr|Win32.ActiveCfg = Debug_Kr|Win32
		{ECAA74A5-5200-4BD9-A3EE-072999A59873}.Debug_Kr|Win32.Build.0 = Debug_Kr|Win32
		{ECAA74A5-5200-4BD9-A3EE-072999A59873}.Debug_LocalBuild|Win32.ActiveCfg = Debug_LocalBuild|Win32
		{ECAA74A5-5200-4BD9-A3EE-072999A59873}.Debug_LocalBuild|Win32.Build.0 = Debug_LocalBuild|Win32
		{ECAA74A5-5200-4BD9-A3EE-072999A59873}.Debug|Win32.ActiveCfg = Debug|Win32
		{ECAA74A5-5200-4BD9-A3EE-072999A59873}.Debug|Win32.Build.0 = Debug|Win32
		{ECAA74A5-5200-4BD9-A3EE-072999A59873}.RDebug|Win32.ActiveCfg = RDebug|Win32
		{ECAA74A5-5200-4BD9-A3EE-072999A59873}.RDebug|Win32.Build.0 = RDebug|Win32
		{ECAA74A5-5200-4BD9-A3EE-072999A59873}.Release_CH|Win32.ActiveCfg = Release_CH|Win32
		{ECAA74A5-5200-4BD9-A3EE-072999A59873}.Release_CH|Win32.Build.0 = Release_CH|Win32
		{ECAA74A5-5200-4BD9-A3EE-072999A59873}.Release_DLL|Win32.ActiveCfg = Release_DLL|Win32
		{ECAA74A5-5200-4BD9-A3EE-072999A59873}.Release_DLL|Win32.Build.0 = Release_DLL|Win32
		{ECAA74A5-5200-4BD9-A3EE-072999A59873}.Release_Final|Win32.ActiveCfg = Release_JP|Win32
		{ECAA74A5-5200-4BD9-A3EE-072999A59873}.Release_Final|Win32.Build.0 = Release_JP|Win32
		{ECAA74A5-5200-4BD9-A3EE-072999A59873}.Release_JP|Win32.ActiveCfg = Release_JP|Win32
		{ECAA74A5-5200-4BD9-A3EE-072999A59873}.Release_JP|Win32.Build.0 = Release_JP|Win32
		{ECAA74A5-5200-4BD9-A3EE-072999A59873}.Release_KR|Win32.ActiveCfg = Release_KR|Win32
		{ECAA74A5-5200-4BD9-A3EE-072999A59873}.Release_KR|Win32.Build.0 = Release_KR|Win32
		{ECAA74A5-5200-4BD9-A3EE-072999A59873}.Release_LTCG|Win32.ActiveCfg = Release_LTCG|Win32
		{ECAA74A5-5200-4BD9-A3EE-072999A59873}.Release_LTCG|Win32.Build.0 = Release_LTCG|Win32
		{ECAA74A5-5200-4BD9-A3EE-072999A59873}.Release|Win32.ActiveCfg = Release|Win32
		{ECAA74A5-5200-4BD9-A3EE-072999A59873}.Release|Win32.Build.0 = Release|Win32
	EndGlobalSection
	GlobalSection(SolutionProperties) = preSolution
		HideSolutionNode = FALSE
	EndGlobalSection
EndGlobal
