
Microsoft Visual Studio Solution File, Format Version 9.00
# Visual Studio 2005
Project("{8BC9CEB8-8B4A-11D0-8D11-00A0C91BC942}") = "ResourceCHN", "ResourceCHN.vcproj", "{75930B18-7B15-43DB-BAC8-054445F435C5}"
EndProject
Global
	GlobalSection(SolutionConfigurationPlatforms) = preSolution
		Debug_CHN|Win32 = Debug_CHN|Win32
		Debug|Win32 = Debug|Win32
		Release_CHN|Win32 = Release_CHN|Win32
		Release|Win32 = Release|Win32
	EndGlobalSection
	GlobalSection(ProjectConfigurationPlatforms) = postSolution
		{75930B18-7B15-43DB-BAC8-054445F435C5}.Debug_CHN|Win32.ActiveCfg = Debug_CHN|Win32
		{75930B18-7B15-43DB-BAC8-054445F435C5}.Debug_CHN|Win32.Build.0 = Debug_CHN|Win32
		{75930B18-7B15-43DB-BAC8-054445F435C5}.Debug|Win32.ActiveCfg = Debug|Win32
		{75930B18-7B15-43DB-BAC8-054445F435C5}.Debug|Win32.Build.0 = Debug|Win32
		{75930B18-7B15-43DB-BAC8-054445F435C5}.Release_CHN|Win32.ActiveCfg = Release_CHN|Win32
		{75930B18-7B15-43DB-BAC8-054445F435C5}.Release_CHN|Win32.Build.0 = Release_CHN|Win32
		{75930B18-7B15-43DB-BAC8-054445F435C5}.Release|Win32.ActiveCfg = Release|Win32
		{75930B18-7B15-43DB-BAC8-054445F435C5}.Release|Win32.Build.0 = Release|Win32
	EndGlobalSection
	GlobalSection(SolutionProperties) = preSolution
		HideSolutionNode = FALSE
	EndGlobalSection
EndGlobal
