
Microsoft Visual Studio Solution File, Format Version 9.00
# Visual Studio 2005
Project("{8BC9CEB8-8B4A-11D0-8D11-00A0C91BC942}") = "DnEndingBanner", "DnEndingBanner.vcproj", "{FD60DEEA-9883-448E-B0BF-D95D5EE7BFD7}"
EndProject
Global
	GlobalSection(SolutionConfigurationPlatforms) = preSolution
		Debug_RU|Win32 = Debug_RU|Win32
		Debug|Win32 = Debug|Win32
		Release_RU|Win32 = Release_RU|Win32
		Release|Win32 = Release|Win32
	EndGlobalSection
	GlobalSection(ProjectConfigurationPlatforms) = postSolution
		{FD60DEEA-9883-448E-B0BF-D95D5EE7BFD7}.Debug_RU|Win32.ActiveCfg = Debug_RU|Win32
		{FD60DEEA-9883-448E-B0BF-D95D5EE7BFD7}.Debug_RU|Win32.Build.0 = Debug_RU|Win32
		{FD60DEEA-9883-448E-B0BF-D95D5EE7BFD7}.Debug|Win32.ActiveCfg = Debug|Win32
		{FD60DEEA-9883-448E-B0BF-D95D5EE7BFD7}.Debug|Win32.Build.0 = Debug|Win32
		{FD60DEEA-9883-448E-B0BF-D95D5EE7BFD7}.Release_RU|Win32.ActiveCfg = Release_RU|Win32
		{FD60DEEA-9883-448E-B0BF-D95D5EE7BFD7}.Release_RU|Win32.Build.0 = Release_RU|Win32
		{FD60DEEA-9883-448E-B0BF-D95D5EE7BFD7}.Release|Win32.ActiveCfg = Release|Win32
		{FD60DEEA-9883-448E-B0BF-D95D5EE7BFD7}.Release|Win32.Build.0 = Release|Win32
	EndGlobalSection
	GlobalSection(SolutionProperties) = preSolution
		HideSolutionNode = FALSE
	EndGlobalSection
EndGlobal
