
Microsoft Visual Studio Solution File, Format Version 11.00
# Visual Studio 2010
Project("{8BC9CEB8-8B4A-11D0-8D11-00A0C91BC942}") = "EtActionTool", "EtActionTool.vcxproj", "{6A865FE6-97D9-4786-AF00-4C9D3B78B84E}"
EndProject
Project("{8BC9CEB8-8B4A-11D0-8D11-00A0C91BC942}") = "EngineUtil", "..\..\Common\EngineUtil\EngineUtil.vcxproj", "{723B846F-2236-4657-8989-0EA6AA46E4D6}"
EndProject
Project("{8BC9CEB8-8B4A-11D0-8D11-00A0C91BC942}") = "EtActionCoreBase", "..\..\Common\EtActionCoreBase\EtActionCoreBase.vcxproj", "{58F43268-ECF7-4E3D-A4E3-B64F2DDE2B0C}"
EndProject
Project("{8BC9CEB8-8B4A-11D0-8D11-00A0C91BC942}") = "EternityEngine", "..\..\Common\EternityEngine\EternityEngine.vcxproj", "{08B1C088-A234-4530-BAEB-79F49F2E4881}"
EndProject
Project("{8BC9CEB8-8B4A-11D0-8D11-00A0C91BC942}") = "D3DDevice9", "..\..\Common\EternityEngine\D3DDevice9\D3DDevice9.vcxproj", "{53598D68-80AA-49E0-92D2-4D50AA44FD91}"
EndProject
Project("{8BC9CEB8-8B4A-11D0-8D11-00A0C91BC942}") = "FMODEngine", "..\..\Common\FMODEngine\FMODEngine.vcxproj", "{98D7C1DA-D32A-45CA-AA13-45601DD45C3E}"
EndProject
Project("{8BC9CEB8-8B4A-11D0-8D11-00A0C91BC942}") = "MFCUtility", "..\..\Common\MFCUtility\MFCUtility.vcxproj", "{685A09CC-CAC4-4E32-9E8D-529F5B11983C}"
EndProject
Project("{8BC9CEB8-8B4A-11D0-8D11-00A0C91BC942}") = "Utility", "..\..\Common\Utility\Utility.vcxproj", "{89343DCF-FB2E-4A86-83BF-9AD3DCA0062B}"
EndProject
Project("{8BC9CEB8-8B4A-11D0-8D11-00A0C91BC942}") = "EtFileSystem", "..\..\Common\EtFileSystem\EtFileSystem.vcxproj", "{A33FA286-FDA9-4C6D-A7EE-D3DE5F62F5AD}"
EndProject
Project("{8BC9CEB8-8B4A-11D0-8D11-00A0C91BC942}") = "zlib", "..\..\Common\zlib\zlib.vcxproj", "{ECAA74A5-5200-4BD9-A3EE-072999A59873}"
EndProject
Project("{8BC9CEB8-8B4A-11D0-8D11-00A0C91BC942}") = "EtResManager", "..\..\Common\EtResManager\EtResManager.vcxproj", "{D4197DF0-FC78-4FCD-BDE8-DD3230580851}"
EndProject
Project("{8BC9CEB8-8B4A-11D0-8D11-00A0C91BC942}") = "EtStringManager", "..\..\Common\EtStringManager\EtStringManager.vcxproj", "{72A024DB-032D-466F-BA5D-0124527AC33E}"
EndProject
Project("{8BC9CEB8-8B4A-11D0-8D11-00A0C91BC942}") = "tinyxmlSTL", "..\..\Common\tinyxml\tinyxmlSTL.vcxproj", "{BE23CF77-921D-4747-A02A-038DB1E487E2}"
EndProject
Project("{8BC9CEB8-8B4A-11D0-8D11-00A0C91BC942}") = "EtInterface", "..\..\Common\EtInterface\EtInterface.vcxproj", "{088EB8CE-96AB-431B-86D3-F56C89E14E53}"
EndProject
Project("{8BC9CEB8-8B4A-11D0-8D11-00A0C91BC942}") = "BugReporter", "..\..\Common\BugReporter\BugReporter.vcxproj", "{9BE51B01-4009-4D71-B809-DC4960AC79D0}"
EndProject
Global
	GlobalSection(SolutionConfigurationPlatforms) = preSolution
		Debug_DLL|Win32 = Debug_DLL|Win32
		Debug_DLL|x64 = Debug_DLL|x64
		Debug_Multi-threaded DLL|Win32 = Debug_Multi-threaded DLL|Win32
		Debug_Multi-threaded DLL|x64 = Debug_Multi-threaded DLL|x64
		Debug|Win32 = Debug|Win32
		Debug|x64 = Debug|x64
		RDebug_KR_HackShlied|Win32 = RDebug_KR_HackShlied|Win32
		RDebug_KR_HackShlied|x64 = RDebug_KR_HackShlied|x64
		RDebug|Win32 = RDebug|Win32
		RDebug|x64 = RDebug|x64
		Release_DLL|Win32 = Release_DLL|Win32
		Release_DLL|x64 = Release_DLL|x64
		Release_KR_HShieldless|Win32 = Release_KR_HShieldless|Win32
		Release_KR_HShieldless|x64 = Release_KR_HShieldless|x64
		Release|Win32 = Release|Win32
		Release|x64 = Release|x64
	EndGlobalSection
	GlobalSection(ProjectConfigurationPlatforms) = postSolution
		{6A865FE6-97D9-4786-AF00-4C9D3B78B84E}.Debug_DLL|Win32.ActiveCfg = Debug|Win32
		{6A865FE6-97D9-4786-AF00-4C9D3B78B84E}.Debug_DLL|Win32.Build.0 = Debug|Win32
		{6A865FE6-97D9-4786-AF00-4C9D3B78B84E}.Debug_DLL|x64.ActiveCfg = Debug|Win32
		{6A865FE6-97D9-4786-AF00-4C9D3B78B84E}.Debug_Multi-threaded DLL|Win32.ActiveCfg = Debug|Win32
		{6A865FE6-97D9-4786-AF00-4C9D3B78B84E}.Debug_Multi-threaded DLL|Win32.Build.0 = Debug|Win32
		{6A865FE6-97D9-4786-AF00-4C9D3B78B84E}.Debug_Multi-threaded DLL|x64.ActiveCfg = Debug|Win32
		{6A865FE6-97D9-4786-AF00-4C9D3B78B84E}.Debug|Win32.ActiveCfg = Debug|Win32
		{6A865FE6-97D9-4786-AF00-4C9D3B78B84E}.Debug|Win32.Build.0 = Debug|Win32
		{6A865FE6-97D9-4786-AF00-4C9D3B78B84E}.Debug|x64.ActiveCfg = Debug|Win32
		{6A865FE6-97D9-4786-AF00-4C9D3B78B84E}.RDebug_KR_HackShlied|Win32.ActiveCfg = Debug|Win32
		{6A865FE6-97D9-4786-AF00-4C9D3B78B84E}.RDebug_KR_HackShlied|Win32.Build.0 = Debug|Win32
		{6A865FE6-97D9-4786-AF00-4C9D3B78B84E}.RDebug_KR_HackShlied|x64.ActiveCfg = Debug|Win32
		{6A865FE6-97D9-4786-AF00-4C9D3B78B84E}.RDebug|Win32.ActiveCfg = Debug|Win32
		{6A865FE6-97D9-4786-AF00-4C9D3B78B84E}.RDebug|Win32.Build.0 = Debug|Win32
		{6A865FE6-97D9-4786-AF00-4C9D3B78B84E}.RDebug|x64.ActiveCfg = Debug|Win32
		{6A865FE6-97D9-4786-AF00-4C9D3B78B84E}.Release_DLL|Win32.ActiveCfg = Release|Win32
		{6A865FE6-97D9-4786-AF00-4C9D3B78B84E}.Release_DLL|Win32.Build.0 = Release|Win32
		{6A865FE6-97D9-4786-AF00-4C9D3B78B84E}.Release_DLL|x64.ActiveCfg = Release|Win32
		{6A865FE6-97D9-4786-AF00-4C9D3B78B84E}.Release_KR_HShieldless|Win32.ActiveCfg = Release|Win32
		{6A865FE6-97D9-4786-AF00-4C9D3B78B84E}.Release_KR_HShieldless|Win32.Build.0 = Release|Win32
		{6A865FE6-97D9-4786-AF00-4C9D3B78B84E}.Release_KR_HShieldless|x64.ActiveCfg = Release|Win32
		{6A865FE6-97D9-4786-AF00-4C9D3B78B84E}.Release|Win32.ActiveCfg = Release|Win32
		{6A865FE6-97D9-4786-AF00-4C9D3B78B84E}.Release|Win32.Build.0 = Release|Win32
		{6A865FE6-97D9-4786-AF00-4C9D3B78B84E}.Release|x64.ActiveCfg = Release|Win32
		{723B846F-2236-4657-8989-0EA6AA46E4D6}.Debug_DLL|Win32.ActiveCfg = Debug_DLL|Win32
		{723B846F-2236-4657-8989-0EA6AA46E4D6}.Debug_DLL|Win32.Build.0 = Debug_DLL|Win32
		{723B846F-2236-4657-8989-0EA6AA46E4D6}.Debug_DLL|x64.ActiveCfg = Debug_DLL|x64
		{723B846F-2236-4657-8989-0EA6AA46E4D6}.Debug_DLL|x64.Build.0 = Debug_DLL|x64
		{723B846F-2236-4657-8989-0EA6AA46E4D6}.Debug_Multi-threaded DLL|Win32.ActiveCfg = Debug_DLL|x64
		{723B846F-2236-4657-8989-0EA6AA46E4D6}.Debug_Multi-threaded DLL|x64.ActiveCfg = Debug_DLL|x64
		{723B846F-2236-4657-8989-0EA6AA46E4D6}.Debug_Multi-threaded DLL|x64.Build.0 = Debug_DLL|x64
		{723B846F-2236-4657-8989-0EA6AA46E4D6}.Debug|Win32.ActiveCfg = Debug|Win32
		{723B846F-2236-4657-8989-0EA6AA46E4D6}.Debug|Win32.Build.0 = Debug|Win32
		{723B846F-2236-4657-8989-0EA6AA46E4D6}.Debug|x64.ActiveCfg = Debug|x64
		{723B846F-2236-4657-8989-0EA6AA46E4D6}.Debug|x64.Build.0 = Debug|x64
		{723B846F-2236-4657-8989-0EA6AA46E4D6}.RDebug_KR_HackShlied|Win32.ActiveCfg = RDebug|x64
		{723B846F-2236-4657-8989-0EA6AA46E4D6}.RDebug_KR_HackShlied|x64.ActiveCfg = RDebug|x64
		{723B846F-2236-4657-8989-0EA6AA46E4D6}.RDebug_KR_HackShlied|x64.Build.0 = RDebug|x64
		{723B846F-2236-4657-8989-0EA6AA46E4D6}.RDebug|Win32.ActiveCfg = RDebug|Win32
		{723B846F-2236-4657-8989-0EA6AA46E4D6}.RDebug|Win32.Build.0 = RDebug|Win32
		{723B846F-2236-4657-8989-0EA6AA46E4D6}.RDebug|x64.ActiveCfg = RDebug|x64
		{723B846F-2236-4657-8989-0EA6AA46E4D6}.RDebug|x64.Build.0 = RDebug|x64
		{723B846F-2236-4657-8989-0EA6AA46E4D6}.Release_DLL|Win32.ActiveCfg = Release_DLL|Win32
		{723B846F-2236-4657-8989-0EA6AA46E4D6}.Release_DLL|Win32.Build.0 = Release_DLL|Win32
		{723B846F-2236-4657-8989-0EA6AA46E4D6}.Release_DLL|x64.ActiveCfg = Release_DLL|x64
		{723B846F-2236-4657-8989-0EA6AA46E4D6}.Release_DLL|x64.Build.0 = Release_DLL|x64
		{723B846F-2236-4657-8989-0EA6AA46E4D6}.Release_KR_HShieldless|Win32.ActiveCfg = Release_DLL|x64
		{723B846F-2236-4657-8989-0EA6AA46E4D6}.Release_KR_HShieldless|x64.ActiveCfg = Release_DLL|x64
		{723B846F-2236-4657-8989-0EA6AA46E4D6}.Release_KR_HShieldless|x64.Build.0 = Release_DLL|x64
		{723B846F-2236-4657-8989-0EA6AA46E4D6}.Release|Win32.ActiveCfg = Release|Win32
		{723B846F-2236-4657-8989-0EA6AA46E4D6}.Release|Win32.Build.0 = Release|Win32
		{723B846F-2236-4657-8989-0EA6AA46E4D6}.Release|x64.ActiveCfg = Release|x64
		{723B846F-2236-4657-8989-0EA6AA46E4D6}.Release|x64.Build.0 = Release|x64
		{58F43268-ECF7-4E3D-A4E3-B64F2DDE2B0C}.Debug_DLL|Win32.ActiveCfg = Debug_DLL|Win32
		{58F43268-ECF7-4E3D-A4E3-B64F2DDE2B0C}.Debug_DLL|Win32.Build.0 = Debug_DLL|Win32
		{58F43268-ECF7-4E3D-A4E3-B64F2DDE2B0C}.Debug_DLL|x64.ActiveCfg = Debug_DLL|x64
		{58F43268-ECF7-4E3D-A4E3-B64F2DDE2B0C}.Debug_DLL|x64.Build.0 = Debug_DLL|x64
		{58F43268-ECF7-4E3D-A4E3-B64F2DDE2B0C}.Debug_Multi-threaded DLL|Win32.ActiveCfg = Debug_DLL|x64
		{58F43268-ECF7-4E3D-A4E3-B64F2DDE2B0C}.Debug_Multi-threaded DLL|x64.ActiveCfg = Debug_DLL|x64
		{58F43268-ECF7-4E3D-A4E3-B64F2DDE2B0C}.Debug_Multi-threaded DLL|x64.Build.0 = Debug_DLL|x64
		{58F43268-ECF7-4E3D-A4E3-B64F2DDE2B0C}.Debug|Win32.ActiveCfg = Debug|Win32
		{58F43268-ECF7-4E3D-A4E3-B64F2DDE2B0C}.Debug|Win32.Build.0 = Debug|Win32
		{58F43268-ECF7-4E3D-A4E3-B64F2DDE2B0C}.Debug|x64.ActiveCfg = Debug|x64
		{58F43268-ECF7-4E3D-A4E3-B64F2DDE2B0C}.Debug|x64.Build.0 = Debug|x64
		{58F43268-ECF7-4E3D-A4E3-B64F2DDE2B0C}.RDebug_KR_HackShlied|Win32.ActiveCfg = RDebug|x64
		{58F43268-ECF7-4E3D-A4E3-B64F2DDE2B0C}.RDebug_KR_HackShlied|x64.ActiveCfg = RDebug|x64
		{58F43268-ECF7-4E3D-A4E3-B64F2DDE2B0C}.RDebug_KR_HackShlied|x64.Build.0 = RDebug|x64
		{58F43268-ECF7-4E3D-A4E3-B64F2DDE2B0C}.RDebug|Win32.ActiveCfg = RDebug|Win32
		{58F43268-ECF7-4E3D-A4E3-B64F2DDE2B0C}.RDebug|Win32.Build.0 = RDebug|Win32
		{58F43268-ECF7-4E3D-A4E3-B64F2DDE2B0C}.RDebug|x64.ActiveCfg = RDebug|x64
		{58F43268-ECF7-4E3D-A4E3-B64F2DDE2B0C}.RDebug|x64.Build.0 = RDebug|x64
		{58F43268-ECF7-4E3D-A4E3-B64F2DDE2B0C}.Release_DLL|Win32.ActiveCfg = Release_DLL|Win32
		{58F43268-ECF7-4E3D-A4E3-B64F2DDE2B0C}.Release_DLL|Win32.Build.0 = Release_DLL|Win32
		{58F43268-ECF7-4E3D-A4E3-B64F2DDE2B0C}.Release_DLL|x64.ActiveCfg = Release_DLL|x64
		{58F43268-ECF7-4E3D-A4E3-B64F2DDE2B0C}.Release_DLL|x64.Build.0 = Release_DLL|x64
		{58F43268-ECF7-4E3D-A4E3-B64F2DDE2B0C}.Release_KR_HShieldless|Win32.ActiveCfg = Release_DLL|x64
		{58F43268-ECF7-4E3D-A4E3-B64F2DDE2B0C}.Release_KR_HShieldless|x64.ActiveCfg = Release_DLL|x64
		{58F43268-ECF7-4E3D-A4E3-B64F2DDE2B0C}.Release_KR_HShieldless|x64.Build.0 = Release_DLL|x64
		{58F43268-ECF7-4E3D-A4E3-B64F2DDE2B0C}.Release|Win32.ActiveCfg = Release|Win32
		{58F43268-ECF7-4E3D-A4E3-B64F2DDE2B0C}.Release|Win32.Build.0 = Release|Win32
		{58F43268-ECF7-4E3D-A4E3-B64F2DDE2B0C}.Release|x64.ActiveCfg = Release|x64
		{58F43268-ECF7-4E3D-A4E3-B64F2DDE2B0C}.Release|x64.Build.0 = Release|x64
		{08B1C088-A234-4530-BAEB-79F49F2E4881}.Debug_DLL|Win32.ActiveCfg = Debug_DLL|Win32
		{08B1C088-A234-4530-BAEB-79F49F2E4881}.Debug_DLL|Win32.Build.0 = Debug_DLL|Win32
		{08B1C088-A234-4530-BAEB-79F49F2E4881}.Debug_DLL|x64.ActiveCfg = Debug_DLL|Win32
		{08B1C088-A234-4530-BAEB-79F49F2E4881}.Debug_Multi-threaded DLL|Win32.ActiveCfg = Debug_DLL|Win32
		{08B1C088-A234-4530-BAEB-79F49F2E4881}.Debug_Multi-threaded DLL|Win32.Build.0 = Debug_DLL|Win32
		{08B1C088-A234-4530-BAEB-79F49F2E4881}.Debug_Multi-threaded DLL|x64.ActiveCfg = Debug_DLL|Win32
		{08B1C088-A234-4530-BAEB-79F49F2E4881}.Debug|Win32.ActiveCfg = Debug|Win32
		{08B1C088-A234-4530-BAEB-79F49F2E4881}.Debug|Win32.Build.0 = Debug|Win32
		{08B1C088-A234-4530-BAEB-79F49F2E4881}.Debug|x64.ActiveCfg = Debug|Win32
		{08B1C088-A234-4530-BAEB-79F49F2E4881}.RDebug_KR_HackShlied|Win32.ActiveCfg = RDebug|Win32
		{08B1C088-A234-4530-BAEB-79F49F2E4881}.RDebug_KR_HackShlied|Win32.Build.0 = RDebug|Win32
		{08B1C088-A234-4530-BAEB-79F49F2E4881}.RDebug_KR_HackShlied|x64.ActiveCfg = RDebug|Win32
		{08B1C088-A234-4530-BAEB-79F49F2E4881}.RDebug|Win32.ActiveCfg = RDebug|Win32
		{08B1C088-A234-4530-BAEB-79F49F2E4881}.RDebug|Win32.Build.0 = RDebug|Win32
		{08B1C088-A234-4530-BAEB-79F49F2E4881}.RDebug|x64.ActiveCfg = RDebug|Win32
		{08B1C088-A234-4530-BAEB-79F49F2E4881}.Release_DLL|Win32.ActiveCfg = Release_DLL|Win32
		{08B1C088-A234-4530-BAEB-79F49F2E4881}.Release_DLL|Win32.Build.0 = Release_DLL|Win32
		{08B1C088-A234-4530-BAEB-79F49F2E4881}.Release_DLL|x64.ActiveCfg = Release_DLL|Win32
		{08B1C088-A234-4530-BAEB-79F49F2E4881}.Release_KR_HShieldless|Win32.ActiveCfg = Release_DLL|Win32
		{08B1C088-A234-4530-BAEB-79F49F2E4881}.Release_KR_HShieldless|Win32.Build.0 = Release_DLL|Win32
		{08B1C088-A234-4530-BAEB-79F49F2E4881}.Release_KR_HShieldless|x64.ActiveCfg = Release_DLL|Win32
		{08B1C088-A234-4530-BAEB-79F49F2E4881}.Release|Win32.ActiveCfg = Release|Win32
		{08B1C088-A234-4530-BAEB-79F49F2E4881}.Release|Win32.Build.0 = Release|Win32
		{08B1C088-A234-4530-BAEB-79F49F2E4881}.Release|x64.ActiveCfg = Release|Win32
		{53598D68-80AA-49E0-92D2-4D50AA44FD91}.Debug_DLL|Win32.ActiveCfg = Debug_DLL|Win32
		{53598D68-80AA-49E0-92D2-4D50AA44FD91}.Debug_DLL|Win32.Build.0 = Debug_DLL|Win32
		{53598D68-80AA-49E0-92D2-4D50AA44FD91}.Debug_DLL|x64.ActiveCfg = Debug_DLL|Win32
		{53598D68-80AA-49E0-92D2-4D50AA44FD91}.Debug_Multi-threaded DLL|Win32.ActiveCfg = Debug_DLL|Win32
		{53598D68-80AA-49E0-92D2-4D50AA44FD91}.Debug_Multi-threaded DLL|Win32.Build.0 = Debug_DLL|Win32
		{53598D68-80AA-49E0-92D2-4D50AA44FD91}.Debug_Multi-threaded DLL|x64.ActiveCfg = Debug_DLL|Win32
		{53598D68-80AA-49E0-92D2-4D50AA44FD91}.Debug|Win32.ActiveCfg = Debug|Win32
		{53598D68-80AA-49E0-92D2-4D50AA44FD91}.Debug|Win32.Build.0 = Debug|Win32
		{53598D68-80AA-49E0-92D2-4D50AA44FD91}.Debug|x64.ActiveCfg = Debug|Win32
		{53598D68-80AA-49E0-92D2-4D50AA44FD91}.RDebug_KR_HackShlied|Win32.ActiveCfg = RDebug|Win32
		{53598D68-80AA-49E0-92D2-4D50AA44FD91}.RDebug_KR_HackShlied|Win32.Build.0 = RDebug|Win32
		{53598D68-80AA-49E0-92D2-4D50AA44FD91}.RDebug_KR_HackShlied|x64.ActiveCfg = RDebug|Win32
		{53598D68-80AA-49E0-92D2-4D50AA44FD91}.RDebug|Win32.ActiveCfg = RDebug|Win32
		{53598D68-80AA-49E0-92D2-4D50AA44FD91}.RDebug|Win32.Build.0 = RDebug|Win32
		{53598D68-80AA-49E0-92D2-4D50AA44FD91}.RDebug|x64.ActiveCfg = RDebug|Win32
		{53598D68-80AA-49E0-92D2-4D50AA44FD91}.Release_DLL|Win32.ActiveCfg = Release_DLL|Win32
		{53598D68-80AA-49E0-92D2-4D50AA44FD91}.Release_DLL|Win32.Build.0 = Release_DLL|Win32
		{53598D68-80AA-49E0-92D2-4D50AA44FD91}.Release_DLL|x64.ActiveCfg = Release_DLL|Win32
		{53598D68-80AA-49E0-92D2-4D50AA44FD91}.Release_KR_HShieldless|Win32.ActiveCfg = Release_DLL|Win32
		{53598D68-80AA-49E0-92D2-4D50AA44FD91}.Release_KR_HShieldless|Win32.Build.0 = Release_DLL|Win32
		{53598D68-80AA-49E0-92D2-4D50AA44FD91}.Release_KR_HShieldless|x64.ActiveCfg = Release_DLL|Win32
		{53598D68-80AA-49E0-92D2-4D50AA44FD91}.Release|Win32.ActiveCfg = Release|Win32
		{53598D68-80AA-49E0-92D2-4D50AA44FD91}.Release|Win32.Build.0 = Release|Win32
		{53598D68-80AA-49E0-92D2-4D50AA44FD91}.Release|x64.ActiveCfg = Release|Win32
		{98D7C1DA-D32A-45CA-AA13-45601DD45C3E}.Debug_DLL|Win32.ActiveCfg = Debug_DLL|Win32
		{98D7C1DA-D32A-45CA-AA13-45601DD45C3E}.Debug_DLL|Win32.Build.0 = Debug_DLL|Win32
		{98D7C1DA-D32A-45CA-AA13-45601DD45C3E}.Debug_DLL|x64.ActiveCfg = Debug_DLL|Win32
		{98D7C1DA-D32A-45CA-AA13-45601DD45C3E}.Debug_Multi-threaded DLL|Win32.ActiveCfg = Debug_DLL|Win32
		{98D7C1DA-D32A-45CA-AA13-45601DD45C3E}.Debug_Multi-threaded DLL|Win32.Build.0 = Debug_DLL|Win32
		{98D7C1DA-D32A-45CA-AA13-45601DD45C3E}.Debug_Multi-threaded DLL|x64.ActiveCfg = Debug_DLL|Win32
		{98D7C1DA-D32A-45CA-AA13-45601DD45C3E}.Debug|Win32.ActiveCfg = Debug|Win32
		{98D7C1DA-D32A-45CA-AA13-45601DD45C3E}.Debug|Win32.Build.0 = Debug|Win32
		{98D7C1DA-D32A-45CA-AA13-45601DD45C3E}.Debug|x64.ActiveCfg = Debug|Win32
		{98D7C1DA-D32A-45CA-AA13-45601DD45C3E}.RDebug_KR_HackShlied|Win32.ActiveCfg = RDebugUseDLL|Win32
		{98D7C1DA-D32A-45CA-AA13-45601DD45C3E}.RDebug_KR_HackShlied|Win32.Build.0 = RDebugUseDLL|Win32
		{98D7C1DA-D32A-45CA-AA13-45601DD45C3E}.RDebug_KR_HackShlied|x64.ActiveCfg = RDebugUseDLL|Win32
		{98D7C1DA-D32A-45CA-AA13-45601DD45C3E}.RDebug|Win32.ActiveCfg = RDebug|Win32
		{98D7C1DA-D32A-45CA-AA13-45601DD45C3E}.RDebug|Win32.Build.0 = RDebug|Win32
		{98D7C1DA-D32A-45CA-AA13-45601DD45C3E}.RDebug|x64.ActiveCfg = RDebug|Win32
		{98D7C1DA-D32A-45CA-AA13-45601DD45C3E}.Release_DLL|Win32.ActiveCfg = Release_DLL|Win32
		{98D7C1DA-D32A-45CA-AA13-45601DD45C3E}.Release_DLL|Win32.Build.0 = Release_DLL|Win32
		{98D7C1DA-D32A-45CA-AA13-45601DD45C3E}.Release_DLL|x64.ActiveCfg = Release_DLL|Win32
		{98D7C1DA-D32A-45CA-AA13-45601DD45C3E}.Release_KR_HShieldless|Win32.ActiveCfg = Release_DLL|Win32
		{98D7C1DA-D32A-45CA-AA13-45601DD45C3E}.Release_KR_HShieldless|Win32.Build.0 = Release_DLL|Win32
		{98D7C1DA-D32A-45CA-AA13-45601DD45C3E}.Release_KR_HShieldless|x64.ActiveCfg = Release_DLL|Win32
		{98D7C1DA-D32A-45CA-AA13-45601DD45C3E}.Release|Win32.ActiveCfg = Release|Win32
		{98D7C1DA-D32A-45CA-AA13-45601DD45C3E}.Release|Win32.Build.0 = Release|Win32
		{98D7C1DA-D32A-45CA-AA13-45601DD45C3E}.Release|x64.ActiveCfg = Release|Win32
		{685A09CC-CAC4-4E32-9E8D-529F5B11983C}.Debug_DLL|Win32.ActiveCfg = Debug_DLL|Win32
		{685A09CC-CAC4-4E32-9E8D-529F5B11983C}.Debug_DLL|Win32.Build.0 = Debug_DLL|Win32
		{685A09CC-CAC4-4E32-9E8D-529F5B11983C}.Debug_DLL|x64.ActiveCfg = Debug_DLL|Win32
		{685A09CC-CAC4-4E32-9E8D-529F5B11983C}.Debug_Multi-threaded DLL|Win32.ActiveCfg = Debug_DLL|Win32
		{685A09CC-CAC4-4E32-9E8D-529F5B11983C}.Debug_Multi-threaded DLL|Win32.Build.0 = Debug_DLL|Win32
		{685A09CC-CAC4-4E32-9E8D-529F5B11983C}.Debug_Multi-threaded DLL|x64.ActiveCfg = Debug_DLL|Win32
		{685A09CC-CAC4-4E32-9E8D-529F5B11983C}.Debug|Win32.ActiveCfg = Debug|Win32
		{685A09CC-CAC4-4E32-9E8D-529F5B11983C}.Debug|Win32.Build.0 = Debug|Win32
		{685A09CC-CAC4-4E32-9E8D-529F5B11983C}.Debug|x64.ActiveCfg = Debug|Win32
		{685A09CC-CAC4-4E32-9E8D-529F5B11983C}.RDebug_KR_HackShlied|Win32.ActiveCfg = Debug|Win32
		{685A09CC-CAC4-4E32-9E8D-529F5B11983C}.RDebug_KR_HackShlied|Win32.Build.0 = Debug|Win32
		{685A09CC-CAC4-4E32-9E8D-529F5B11983C}.RDebug_KR_HackShlied|x64.ActiveCfg = Debug|Win32
		{685A09CC-CAC4-4E32-9E8D-529F5B11983C}.RDebug|Win32.ActiveCfg = Debug|Win32
		{685A09CC-CAC4-4E32-9E8D-529F5B11983C}.RDebug|Win32.Build.0 = Debug|Win32
		{685A09CC-CAC4-4E32-9E8D-529F5B11983C}.RDebug|x64.ActiveCfg = Debug|Win32
		{685A09CC-CAC4-4E32-9E8D-529F5B11983C}.Release_DLL|Win32.ActiveCfg = Release_DLL|Win32
		{685A09CC-CAC4-4E32-9E8D-529F5B11983C}.Release_DLL|Win32.Build.0 = Release_DLL|Win32
		{685A09CC-CAC4-4E32-9E8D-529F5B11983C}.Release_DLL|x64.ActiveCfg = Release_DLL|Win32
		{685A09CC-CAC4-4E32-9E8D-529F5B11983C}.Release_KR_HShieldless|Win32.ActiveCfg = Release_DLL|Win32
		{685A09CC-CAC4-4E32-9E8D-529F5B11983C}.Release_KR_HShieldless|Win32.Build.0 = Release_DLL|Win32
		{685A09CC-CAC4-4E32-9E8D-529F5B11983C}.Release_KR_HShieldless|x64.ActiveCfg = Release_DLL|Win32
		{685A09CC-CAC4-4E32-9E8D-529F5B11983C}.Release|Win32.ActiveCfg = Release|Win32
		{685A09CC-CAC4-4E32-9E8D-529F5B11983C}.Release|Win32.Build.0 = Release|Win32
		{685A09CC-CAC4-4E32-9E8D-529F5B11983C}.Release|x64.ActiveCfg = Release|Win32
		{89343DCF-FB2E-4A86-83BF-9AD3DCA0062B}.Debug_DLL|Win32.ActiveCfg = Debug_DLL|Win32
		{89343DCF-FB2E-4A86-83BF-9AD3DCA0062B}.Debug_DLL|Win32.Build.0 = Debug_DLL|Win32
		{89343DCF-FB2E-4A86-83BF-9AD3DCA0062B}.Debug_DLL|x64.ActiveCfg = Debug_DLL|x64
		{89343DCF-FB2E-4A86-83BF-9AD3DCA0062B}.Debug_DLL|x64.Build.0 = Debug_DLL|x64
		{89343DCF-FB2E-4A86-83BF-9AD3DCA0062B}.Debug_Multi-threaded DLL|Win32.ActiveCfg = Debug_Service|x64
		{89343DCF-FB2E-4A86-83BF-9AD3DCA0062B}.Debug_Multi-threaded DLL|x64.ActiveCfg = Debug_Service|x64
		{89343DCF-FB2E-4A86-83BF-9AD3DCA0062B}.Debug_Multi-threaded DLL|x64.Build.0 = Debug_Service|x64
		{89343DCF-FB2E-4A86-83BF-9AD3DCA0062B}.Debug|Win32.ActiveCfg = Debug|Win32
		{89343DCF-FB2E-4A86-83BF-9AD3DCA0062B}.Debug|Win32.Build.0 = Debug|Win32
		{89343DCF-FB2E-4A86-83BF-9AD3DCA0062B}.Debug|x64.ActiveCfg = Debug|x64
		{89343DCF-FB2E-4A86-83BF-9AD3DCA0062B}.Debug|x64.Build.0 = Debug|x64
		{89343DCF-FB2E-4A86-83BF-9AD3DCA0062B}.RDebug_KR_HackShlied|Win32.ActiveCfg = RDebug|x64
		{89343DCF-FB2E-4A86-83BF-9AD3DCA0062B}.RDebug_KR_HackShlied|x64.ActiveCfg = RDebug|x64
		{89343DCF-FB2E-4A86-83BF-9AD3DCA0062B}.RDebug_KR_HackShlied|x64.Build.0 = RDebug|x64
		{89343DCF-FB2E-4A86-83BF-9AD3DCA0062B}.RDebug|Win32.ActiveCfg = RDebug|Win32
		{89343DCF-FB2E-4A86-83BF-9AD3DCA0062B}.RDebug|Win32.Build.0 = RDebug|Win32
		{89343DCF-FB2E-4A86-83BF-9AD3DCA0062B}.RDebug|x64.ActiveCfg = RDebug|x64
		{89343DCF-FB2E-4A86-83BF-9AD3DCA0062B}.RDebug|x64.Build.0 = RDebug|x64
		{89343DCF-FB2E-4A86-83BF-9AD3DCA0062B}.Release_DLL|Win32.ActiveCfg = Release_DLL|Win32
		{89343DCF-FB2E-4A86-83BF-9AD3DCA0062B}.Release_DLL|Win32.Build.0 = Release_DLL|Win32
		{89343DCF-FB2E-4A86-83BF-9AD3DCA0062B}.Release_DLL|x64.ActiveCfg = Release_DLL|x64
		{89343DCF-FB2E-4A86-83BF-9AD3DCA0062B}.Release_DLL|x64.Build.0 = Release_DLL|x64
		{89343DCF-FB2E-4A86-83BF-9AD3DCA0062B}.Release_KR_HShieldless|Win32.ActiveCfg = Release_DLL|x64
		{89343DCF-FB2E-4A86-83BF-9AD3DCA0062B}.Release_KR_HShieldless|x64.ActiveCfg = Release_DLL|x64
		{89343DCF-FB2E-4A86-83BF-9AD3DCA0062B}.Release_KR_HShieldless|x64.Build.0 = Release_DLL|x64
		{89343DCF-FB2E-4A86-83BF-9AD3DCA0062B}.Release|Win32.ActiveCfg = Release|Win32
		{89343DCF-FB2E-4A86-83BF-9AD3DCA0062B}.Release|Win32.Build.0 = Release|Win32
		{89343DCF-FB2E-4A86-83BF-9AD3DCA0062B}.Release|x64.ActiveCfg = Release|x64
		{89343DCF-FB2E-4A86-83BF-9AD3DCA0062B}.Release|x64.Build.0 = Release|x64
		{A33FA286-FDA9-4C6D-A7EE-D3DE5F62F5AD}.Debug_DLL|Win32.ActiveCfg = Debug_DLL|Win32
		{A33FA286-FDA9-4C6D-A7EE-D3DE5F62F5AD}.Debug_DLL|Win32.Build.0 = Debug_DLL|Win32
		{A33FA286-FDA9-4C6D-A7EE-D3DE5F62F5AD}.Debug_DLL|x64.ActiveCfg = Debug_DLL|x64
		{A33FA286-FDA9-4C6D-A7EE-D3DE5F62F5AD}.Debug_DLL|x64.Build.0 = Debug_DLL|x64
		{A33FA286-FDA9-4C6D-A7EE-D3DE5F62F5AD}.Debug_Multi-threaded DLL|Win32.ActiveCfg = Debug_DLL|x64
		{A33FA286-FDA9-4C6D-A7EE-D3DE5F62F5AD}.Debug_Multi-threaded DLL|x64.ActiveCfg = Debug_DLL|x64
		{A33FA286-FDA9-4C6D-A7EE-D3DE5F62F5AD}.Debug_Multi-threaded DLL|x64.Build.0 = Debug_DLL|x64
		{A33FA286-FDA9-4C6D-A7EE-D3DE5F62F5AD}.Debug|Win32.ActiveCfg = Debug|Win32
		{A33FA286-FDA9-4C6D-A7EE-D3DE5F62F5AD}.Debug|Win32.Build.0 = Debug|Win32
		{A33FA286-FDA9-4C6D-A7EE-D3DE5F62F5AD}.Debug|x64.ActiveCfg = Debug|x64
		{A33FA286-FDA9-4C6D-A7EE-D3DE5F62F5AD}.Debug|x64.Build.0 = Debug|x64
		{A33FA286-FDA9-4C6D-A7EE-D3DE5F62F5AD}.RDebug_KR_HackShlied|Win32.ActiveCfg = RDebug|x64
		{A33FA286-FDA9-4C6D-A7EE-D3DE5F62F5AD}.RDebug_KR_HackShlied|x64.ActiveCfg = RDebug|x64
		{A33FA286-FDA9-4C6D-A7EE-D3DE5F62F5AD}.RDebug_KR_HackShlied|x64.Build.0 = RDebug|x64
		{A33FA286-FDA9-4C6D-A7EE-D3DE5F62F5AD}.RDebug|Win32.ActiveCfg = RDebug|Win32
		{A33FA286-FDA9-4C6D-A7EE-D3DE5F62F5AD}.RDebug|Win32.Build.0 = RDebug|Win32
		{A33FA286-FDA9-4C6D-A7EE-D3DE5F62F5AD}.RDebug|x64.ActiveCfg = RDebug|x64
		{A33FA286-FDA9-4C6D-A7EE-D3DE5F62F5AD}.RDebug|x64.Build.0 = RDebug|x64
		{A33FA286-FDA9-4C6D-A7EE-D3DE5F62F5AD}.Release_DLL|Win32.ActiveCfg = Release_DLL|Win32
		{A33FA286-FDA9-4C6D-A7EE-D3DE5F62F5AD}.Release_DLL|Win32.Build.0 = Release_DLL|Win32
		{A33FA286-FDA9-4C6D-A7EE-D3DE5F62F5AD}.Release_DLL|x64.ActiveCfg = Release_DLL|x64
		{A33FA286-FDA9-4C6D-A7EE-D3DE5F62F5AD}.Release_DLL|x64.Build.0 = Release_DLL|x64
		{A33FA286-FDA9-4C6D-A7EE-D3DE5F62F5AD}.Release_KR_HShieldless|Win32.ActiveCfg = Release_DLL|x64
		{A33FA286-FDA9-4C6D-A7EE-D3DE5F62F5AD}.Release_KR_HShieldless|x64.ActiveCfg = Release_DLL|x64
		{A33FA286-FDA9-4C6D-A7EE-D3DE5F62F5AD}.Release_KR_HShieldless|x64.Build.0 = Release_DLL|x64
		{A33FA286-FDA9-4C6D-A7EE-D3DE5F62F5AD}.Release|Win32.ActiveCfg = Release|Win32
		{A33FA286-FDA9-4C6D-A7EE-D3DE5F62F5AD}.Release|Win32.Build.0 = Release|Win32
		{A33FA286-FDA9-4C6D-A7EE-D3DE5F62F5AD}.Release|x64.ActiveCfg = Release|x64
		{A33FA286-FDA9-4C6D-A7EE-D3DE5F62F5AD}.Release|x64.Build.0 = Release|x64
		{ECAA74A5-5200-4BD9-A3EE-072999A59873}.Debug_DLL|Win32.ActiveCfg = Debug_DLL|Win32
		{ECAA74A5-5200-4BD9-A3EE-072999A59873}.Debug_DLL|Win32.Build.0 = Debug_DLL|Win32
		{ECAA74A5-5200-4BD9-A3EE-072999A59873}.Debug_DLL|x64.ActiveCfg = Debug_DLL|x64
		{ECAA74A5-5200-4BD9-A3EE-072999A59873}.Debug_DLL|x64.Build.0 = Debug_DLL|x64
		{ECAA74A5-5200-4BD9-A3EE-072999A59873}.Debug_Multi-threaded DLL|Win32.ActiveCfg = Debug_DLL|x64
		{ECAA74A5-5200-4BD9-A3EE-072999A59873}.Debug_Multi-threaded DLL|x64.ActiveCfg = Debug_DLL|x64
		{ECAA74A5-5200-4BD9-A3EE-072999A59873}.Debug_Multi-threaded DLL|x64.Build.0 = Debug_DLL|x64
		{ECAA74A5-5200-4BD9-A3EE-072999A59873}.Debug|Win32.ActiveCfg = Debug|Win32
		{ECAA74A5-5200-4BD9-A3EE-072999A59873}.Debug|Win32.Build.0 = Debug|Win32
		{ECAA74A5-5200-4BD9-A3EE-072999A59873}.Debug|x64.ActiveCfg = Debug|x64
		{ECAA74A5-5200-4BD9-A3EE-072999A59873}.Debug|x64.Build.0 = Debug|x64
		{ECAA74A5-5200-4BD9-A3EE-072999A59873}.RDebug_KR_HackShlied|Win32.ActiveCfg = RDebug|x64
		{ECAA74A5-5200-4BD9-A3EE-072999A59873}.RDebug_KR_HackShlied|x64.ActiveCfg = RDebug|x64
		{ECAA74A5-5200-4BD9-A3EE-072999A59873}.RDebug_KR_HackShlied|x64.Build.0 = RDebug|x64
		{ECAA74A5-5200-4BD9-A3EE-072999A59873}.RDebug|Win32.ActiveCfg = RDebug|Win32
		{ECAA74A5-5200-4BD9-A3EE-072999A59873}.RDebug|Win32.Build.0 = RDebug|Win32
		{ECAA74A5-5200-4BD9-A3EE-072999A59873}.RDebug|x64.ActiveCfg = RDebug|x64
		{ECAA74A5-5200-4BD9-A3EE-072999A59873}.RDebug|x64.Build.0 = RDebug|x64
		{ECAA74A5-5200-4BD9-A3EE-072999A59873}.Release_DLL|Win32.ActiveCfg = Release_DLL|Win32
		{ECAA74A5-5200-4BD9-A3EE-072999A59873}.Release_DLL|Win32.Build.0 = Release_DLL|Win32
		{ECAA74A5-5200-4BD9-A3EE-072999A59873}.Release_DLL|x64.ActiveCfg = Release_DLL|x64
		{ECAA74A5-5200-4BD9-A3EE-072999A59873}.Release_DLL|x64.Build.0 = Release_DLL|x64
		{ECAA74A5-5200-4BD9-A3EE-072999A59873}.Release_KR_HShieldless|Win32.ActiveCfg = Release_DLL|x64
		{ECAA74A5-5200-4BD9-A3EE-072999A59873}.Release_KR_HShieldless|x64.ActiveCfg = Release_DLL|x64
		{ECAA74A5-5200-4BD9-A3EE-072999A59873}.Release_KR_HShieldless|x64.Build.0 = Release_DLL|x64
		{ECAA74A5-5200-4BD9-A3EE-072999A59873}.Release|Win32.ActiveCfg = Release|Win32
		{ECAA74A5-5200-4BD9-A3EE-072999A59873}.Release|Win32.Build.0 = Release|Win32
		{ECAA74A5-5200-4BD9-A3EE-072999A59873}.Release|x64.ActiveCfg = Release|x64
		{ECAA74A5-5200-4BD9-A3EE-072999A59873}.Release|x64.Build.0 = Release|x64
		{D4197DF0-FC78-4FCD-BDE8-DD3230580851}.Debug_DLL|Win32.ActiveCfg = Debug_DLL|Win32
		{D4197DF0-FC78-4FCD-BDE8-DD3230580851}.Debug_DLL|Win32.Build.0 = Debug_DLL|Win32
		{D4197DF0-FC78-4FCD-BDE8-DD3230580851}.Debug_DLL|x64.ActiveCfg = Debug_DLL|x64
		{D4197DF0-FC78-4FCD-BDE8-DD3230580851}.Debug_DLL|x64.Build.0 = Debug_DLL|x64
		{D4197DF0-FC78-4FCD-BDE8-DD3230580851}.Debug_Multi-threaded DLL|Win32.ActiveCfg = Debug_DLL|x64
		{D4197DF0-FC78-4FCD-BDE8-DD3230580851}.Debug_Multi-threaded DLL|x64.ActiveCfg = Debug_DLL|x64
		{D4197DF0-FC78-4FCD-BDE8-DD3230580851}.Debug_Multi-threaded DLL|x64.Build.0 = Debug_DLL|x64
		{D4197DF0-FC78-4FCD-BDE8-DD3230580851}.Debug|Win32.ActiveCfg = Debug|Win32
		{D4197DF0-FC78-4FCD-BDE8-DD3230580851}.Debug|Win32.Build.0 = Debug|Win32
		{D4197DF0-FC78-4FCD-BDE8-DD3230580851}.Debug|x64.ActiveCfg = Debug|x64
		{D4197DF0-FC78-4FCD-BDE8-DD3230580851}.Debug|x64.Build.0 = Debug|x64
		{D4197DF0-FC78-4FCD-BDE8-DD3230580851}.RDebug_KR_HackShlied|Win32.ActiveCfg = RDebug|x64
		{D4197DF0-FC78-4FCD-BDE8-DD3230580851}.RDebug_KR_HackShlied|x64.ActiveCfg = RDebug|x64
		{D4197DF0-FC78-4FCD-BDE8-DD3230580851}.RDebug_KR_HackShlied|x64.Build.0 = RDebug|x64
		{D4197DF0-FC78-4FCD-BDE8-DD3230580851}.RDebug|Win32.ActiveCfg = RDebug|Win32
		{D4197DF0-FC78-4FCD-BDE8-DD3230580851}.RDebug|Win32.Build.0 = RDebug|Win32
		{D4197DF0-FC78-4FCD-BDE8-DD3230580851}.RDebug|x64.ActiveCfg = RDebug|x64
		{D4197DF0-FC78-4FCD-BDE8-DD3230580851}.RDebug|x64.Build.0 = RDebug|x64
		{D4197DF0-FC78-4FCD-BDE8-DD3230580851}.Release_DLL|Win32.ActiveCfg = Release_DLL|Win32
		{D4197DF0-FC78-4FCD-BDE8-DD3230580851}.Release_DLL|Win32.Build.0 = Release_DLL|Win32
		{D4197DF0-FC78-4FCD-BDE8-DD3230580851}.Release_DLL|x64.ActiveCfg = Release_DLL|x64
		{D4197DF0-FC78-4FCD-BDE8-DD3230580851}.Release_DLL|x64.Build.0 = Release_DLL|x64
		{D4197DF0-FC78-4FCD-BDE8-DD3230580851}.Release_KR_HShieldless|Win32.ActiveCfg = Release_DLL|x64
		{D4197DF0-FC78-4FCD-BDE8-DD3230580851}.Release_KR_HShieldless|x64.ActiveCfg = Release_DLL|x64
		{D4197DF0-FC78-4FCD-BDE8-DD3230580851}.Release_KR_HShieldless|x64.Build.0 = Release_DLL|x64
		{D4197DF0-FC78-4FCD-BDE8-DD3230580851}.Release|Win32.ActiveCfg = Release|Win32
		{D4197DF0-FC78-4FCD-BDE8-DD3230580851}.Release|Win32.Build.0 = Release|Win32
		{D4197DF0-FC78-4FCD-BDE8-DD3230580851}.Release|x64.ActiveCfg = Release|x64
		{D4197DF0-FC78-4FCD-BDE8-DD3230580851}.Release|x64.Build.0 = Release|x64
		{72A024DB-032D-466F-BA5D-0124527AC33E}.Debug_DLL|Win32.ActiveCfg = Debug_DLL|Win32
		{72A024DB-032D-466F-BA5D-0124527AC33E}.Debug_DLL|Win32.Build.0 = Debug_DLL|Win32
		{72A024DB-032D-466F-BA5D-0124527AC33E}.Debug_DLL|x64.ActiveCfg = Debug_DLL|x64
		{72A024DB-032D-466F-BA5D-0124527AC33E}.Debug_DLL|x64.Build.0 = Debug_DLL|x64
		{72A024DB-032D-466F-BA5D-0124527AC33E}.Debug_Multi-threaded DLL|Win32.ActiveCfg = Debug_DLL|x64
		{72A024DB-032D-466F-BA5D-0124527AC33E}.Debug_Multi-threaded DLL|x64.ActiveCfg = Debug_DLL|x64
		{72A024DB-032D-466F-BA5D-0124527AC33E}.Debug_Multi-threaded DLL|x64.Build.0 = Debug_DLL|x64
		{72A024DB-032D-466F-BA5D-0124527AC33E}.Debug|Win32.ActiveCfg = Debug|Win32
		{72A024DB-032D-466F-BA5D-0124527AC33E}.Debug|Win32.Build.0 = Debug|Win32
		{72A024DB-032D-466F-BA5D-0124527AC33E}.Debug|x64.ActiveCfg = Debug|x64
		{72A024DB-032D-466F-BA5D-0124527AC33E}.Debug|x64.Build.0 = Debug|x64
		{72A024DB-032D-466F-BA5D-0124527AC33E}.RDebug_KR_HackShlied|Win32.ActiveCfg = RDebug|x64
		{72A024DB-032D-466F-BA5D-0124527AC33E}.RDebug_KR_HackShlied|x64.ActiveCfg = RDebug|x64
		{72A024DB-032D-466F-BA5D-0124527AC33E}.RDebug_KR_HackShlied|x64.Build.0 = RDebug|x64
		{72A024DB-032D-466F-BA5D-0124527AC33E}.RDebug|Win32.ActiveCfg = RDebug|Win32
		{72A024DB-032D-466F-BA5D-0124527AC33E}.RDebug|Win32.Build.0 = RDebug|Win32
		{72A024DB-032D-466F-BA5D-0124527AC33E}.RDebug|x64.ActiveCfg = RDebug|x64
		{72A024DB-032D-466F-BA5D-0124527AC33E}.RDebug|x64.Build.0 = RDebug|x64
		{72A024DB-032D-466F-BA5D-0124527AC33E}.Release_DLL|Win32.ActiveCfg = Release_DLL|Win32
		{72A024DB-032D-466F-BA5D-0124527AC33E}.Release_DLL|Win32.Build.0 = Release_DLL|Win32
		{72A024DB-032D-466F-BA5D-0124527AC33E}.Release_DLL|x64.ActiveCfg = Release_DLL|x64
		{72A024DB-032D-466F-BA5D-0124527AC33E}.Release_DLL|x64.Build.0 = Release_DLL|x64
		{72A024DB-032D-466F-BA5D-0124527AC33E}.Release_KR_HShieldless|Win32.ActiveCfg = Release_DLL|x64
		{72A024DB-032D-466F-BA5D-0124527AC33E}.Release_KR_HShieldless|x64.ActiveCfg = Release_DLL|x64
		{72A024DB-032D-466F-BA5D-0124527AC33E}.Release_KR_HShieldless|x64.Build.0 = Release_DLL|x64
		{72A024DB-032D-466F-BA5D-0124527AC33E}.Release|Win32.ActiveCfg = Release|Win32
		{72A024DB-032D-466F-BA5D-0124527AC33E}.Release|Win32.Build.0 = Release|Win32
		{72A024DB-032D-466F-BA5D-0124527AC33E}.Release|x64.ActiveCfg = Release|x64
		{72A024DB-032D-466F-BA5D-0124527AC33E}.Release|x64.Build.0 = Release|x64
		{BE23CF77-921D-4747-A02A-038DB1E487E2}.Debug_DLL|Win32.ActiveCfg = Debug_DLL|Win32
		{BE23CF77-921D-4747-A02A-038DB1E487E2}.Debug_DLL|Win32.Build.0 = Debug_DLL|Win32
		{BE23CF77-921D-4747-A02A-038DB1E487E2}.Debug_DLL|x64.ActiveCfg = Debug_DLL|x64
		{BE23CF77-921D-4747-A02A-038DB1E487E2}.Debug_DLL|x64.Build.0 = Debug_DLL|x64
		{BE23CF77-921D-4747-A02A-038DB1E487E2}.Debug_Multi-threaded DLL|Win32.ActiveCfg = Debug_Service|x64
		{BE23CF77-921D-4747-A02A-038DB1E487E2}.Debug_Multi-threaded DLL|x64.ActiveCfg = Debug_Service|x64
		{BE23CF77-921D-4747-A02A-038DB1E487E2}.Debug_Multi-threaded DLL|x64.Build.0 = Debug_Service|x64
		{BE23CF77-921D-4747-A02A-038DB1E487E2}.Debug|Win32.ActiveCfg = Debug|Win32
		{BE23CF77-921D-4747-A02A-038DB1E487E2}.Debug|Win32.Build.0 = Debug|Win32
		{BE23CF77-921D-4747-A02A-038DB1E487E2}.Debug|x64.ActiveCfg = Debug|x64
		{BE23CF77-921D-4747-A02A-038DB1E487E2}.Debug|x64.Build.0 = Debug|x64
		{BE23CF77-921D-4747-A02A-038DB1E487E2}.RDebug_KR_HackShlied|Win32.ActiveCfg = RDebug|x64
		{BE23CF77-921D-4747-A02A-038DB1E487E2}.RDebug_KR_HackShlied|x64.ActiveCfg = RDebug|x64
		{BE23CF77-921D-4747-A02A-038DB1E487E2}.RDebug_KR_HackShlied|x64.Build.0 = RDebug|x64
		{BE23CF77-921D-4747-A02A-038DB1E487E2}.RDebug|Win32.ActiveCfg = RDebug|Win32
		{BE23CF77-921D-4747-A02A-038DB1E487E2}.RDebug|Win32.Build.0 = RDebug|Win32
		{BE23CF77-921D-4747-A02A-038DB1E487E2}.RDebug|x64.ActiveCfg = RDebug|x64
		{BE23CF77-921D-4747-A02A-038DB1E487E2}.RDebug|x64.Build.0 = RDebug|x64
		{BE23CF77-921D-4747-A02A-038DB1E487E2}.Release_DLL|Win32.ActiveCfg = Release_DLL|Win32
		{BE23CF77-921D-4747-A02A-038DB1E487E2}.Release_DLL|Win32.Build.0 = Release_DLL|Win32
		{BE23CF77-921D-4747-A02A-038DB1E487E2}.Release_DLL|x64.ActiveCfg = Release_DLL|x64
		{BE23CF77-921D-4747-A02A-038DB1E487E2}.Release_DLL|x64.Build.0 = Release_DLL|x64
		{BE23CF77-921D-4747-A02A-038DB1E487E2}.Release_KR_HShieldless|Win32.ActiveCfg = Release_DLL|x64
		{BE23CF77-921D-4747-A02A-038DB1E487E2}.Release_KR_HShieldless|x64.ActiveCfg = Release_DLL|x64
		{BE23CF77-921D-4747-A02A-038DB1E487E2}.Release_KR_HShieldless|x64.Build.0 = Release_DLL|x64
		{BE23CF77-921D-4747-A02A-038DB1E487E2}.Release|Win32.ActiveCfg = Release|Win32
		{BE23CF77-921D-4747-A02A-038DB1E487E2}.Release|Win32.Build.0 = Release|Win32
		{BE23CF77-921D-4747-A02A-038DB1E487E2}.Release|x64.ActiveCfg = Release|x64
		{BE23CF77-921D-4747-A02A-038DB1E487E2}.Release|x64.Build.0 = Release|x64
		{088EB8CE-96AB-431B-86D3-F56C89E14E53}.Debug_DLL|Win32.ActiveCfg = Debug_DLL|Win32
		{088EB8CE-96AB-431B-86D3-F56C89E14E53}.Debug_DLL|Win32.Build.0 = Debug_DLL|Win32
		{088EB8CE-96AB-431B-86D3-F56C89E14E53}.Debug_DLL|x64.ActiveCfg = Debug_DLL|Win32
		{088EB8CE-96AB-431B-86D3-F56C89E14E53}.Debug_Multi-threaded DLL|Win32.ActiveCfg = Debug_DLL|Win32
		{088EB8CE-96AB-431B-86D3-F56C89E14E53}.Debug_Multi-threaded DLL|Win32.Build.0 = Debug_DLL|Win32
		{088EB8CE-96AB-431B-86D3-F56C89E14E53}.Debug_Multi-threaded DLL|x64.ActiveCfg = Debug_DLL|Win32
		{088EB8CE-96AB-431B-86D3-F56C89E14E53}.Debug|Win32.ActiveCfg = Debug|Win32
		{088EB8CE-96AB-431B-86D3-F56C89E14E53}.Debug|Win32.Build.0 = Debug|Win32
		{088EB8CE-96AB-431B-86D3-F56C89E14E53}.Debug|x64.ActiveCfg = Debug|Win32
		{088EB8CE-96AB-431B-86D3-F56C89E14E53}.RDebug_KR_HackShlied|Win32.ActiveCfg = RDebug|Win32
		{088EB8CE-96AB-431B-86D3-F56C89E14E53}.RDebug_KR_HackShlied|Win32.Build.0 = RDebug|Win32
		{088EB8CE-96AB-431B-86D3-F56C89E14E53}.RDebug_KR_HackShlied|x64.ActiveCfg = RDebug|Win32
		{088EB8CE-96AB-431B-86D3-F56C89E14E53}.RDebug|Win32.ActiveCfg = RDebug|Win32
		{088EB8CE-96AB-431B-86D3-F56C89E14E53}.RDebug|Win32.Build.0 = RDebug|Win32
		{088EB8CE-96AB-431B-86D3-F56C89E14E53}.RDebug|x64.ActiveCfg = RDebug|Win32
		{088EB8CE-96AB-431B-86D3-F56C89E14E53}.Release_DLL|Win32.ActiveCfg = Release_DLL|Win32
		{088EB8CE-96AB-431B-86D3-F56C89E14E53}.Release_DLL|Win32.Build.0 = Release_DLL|Win32
		{088EB8CE-96AB-431B-86D3-F56C89E14E53}.Release_DLL|x64.ActiveCfg = Release_DLL|Win32
		{088EB8CE-96AB-431B-86D3-F56C89E14E53}.Release_KR_HShieldless|Win32.ActiveCfg = Release_DLL|Win32
		{088EB8CE-96AB-431B-86D3-F56C89E14E53}.Release_KR_HShieldless|Win32.Build.0 = Release_DLL|Win32
		{088EB8CE-96AB-431B-86D3-F56C89E14E53}.Release_KR_HShieldless|x64.ActiveCfg = Release_DLL|Win32
		{088EB8CE-96AB-431B-86D3-F56C89E14E53}.Release|Win32.ActiveCfg = Release|Win32
		{088EB8CE-96AB-431B-86D3-F56C89E14E53}.Release|Win32.Build.0 = Release|Win32
		{088EB8CE-96AB-431B-86D3-F56C89E14E53}.Release|x64.ActiveCfg = Release|Win32
		{9BE51B01-4009-4D71-B809-DC4960AC79D0}.Debug_DLL|Win32.ActiveCfg = Debug_DLL|Win32
		{9BE51B01-4009-4D71-B809-DC4960AC79D0}.Debug_DLL|Win32.Build.0 = Debug_DLL|Win32
		{9BE51B01-4009-4D71-B809-DC4960AC79D0}.Debug_DLL|x64.ActiveCfg = Debug_DLL|x64
		{9BE51B01-4009-4D71-B809-DC4960AC79D0}.Debug_DLL|x64.Build.0 = Debug_DLL|x64
		{9BE51B01-4009-4D71-B809-DC4960AC79D0}.Debug_Multi-threaded DLL|Win32.ActiveCfg = Debug_Multi-threaded DLL|Win32
		{9BE51B01-4009-4D71-B809-DC4960AC79D0}.Debug_Multi-threaded DLL|Win32.Build.0 = Debug_Multi-threaded DLL|Win32
		{9BE51B01-4009-4D71-B809-DC4960AC79D0}.Debug_Multi-threaded DLL|x64.ActiveCfg = Debug_Multi-threaded DLL|x64
		{9BE51B01-4009-4D71-B809-DC4960AC79D0}.Debug_Multi-threaded DLL|x64.Build.0 = Debug_Multi-threaded DLL|x64
		{9BE51B01-4009-4D71-B809-DC4960AC79D0}.Debug|Win32.ActiveCfg = Debug|Win32
		{9BE51B01-4009-4D71-B809-DC4960AC79D0}.Debug|Win32.Build.0 = Debug|Win32
		{9BE51B01-4009-4D71-B809-DC4960AC79D0}.Debug|x64.ActiveCfg = Debug|x64
		{9BE51B01-4009-4D71-B809-DC4960AC79D0}.Debug|x64.Build.0 = Debug|x64
		{9BE51B01-4009-4D71-B809-DC4960AC79D0}.RDebug_KR_HackShlied|Win32.ActiveCfg = RDebug_KR_HackShlied|Win32
		{9BE51B01-4009-4D71-B809-DC4960AC79D0}.RDebug_KR_HackShlied|Win32.Build.0 = RDebug_KR_HackShlied|Win32
		{9BE51B01-4009-4D71-B809-DC4960AC79D0}.RDebug_KR_HackShlied|x64.ActiveCfg = RDebug_KR_HackShlied|x64
		{9BE51B01-4009-4D71-B809-DC4960AC79D0}.RDebug_KR_HackShlied|x64.Build.0 = RDebug_KR_HackShlied|x64
		{9BE51B01-4009-4D71-B809-DC4960AC79D0}.RDebug|Win32.ActiveCfg = RDebug|Win32
		{9BE51B01-4009-4D71-B809-DC4960AC79D0}.RDebug|Win32.Build.0 = RDebug|Win32
		{9BE51B01-4009-4D71-B809-DC4960AC79D0}.RDebug|x64.ActiveCfg = RDebug|x64
		{9BE51B01-4009-4D71-B809-DC4960AC79D0}.RDebug|x64.Build.0 = RDebug|x64
		{9BE51B01-4009-4D71-B809-DC4960AC79D0}.Release_DLL|Win32.ActiveCfg = Release_DLL|Win32
		{9BE51B01-4009-4D71-B809-DC4960AC79D0}.Release_DLL|Win32.Build.0 = Release_DLL|Win32
		{9BE51B01-4009-4D71-B809-DC4960AC79D0}.Release_DLL|x64.ActiveCfg = Release_DLL|x64
		{9BE51B01-4009-4D71-B809-DC4960AC79D0}.Release_DLL|x64.Build.0 = Release_DLL|x64
		{9BE51B01-4009-4D71-B809-DC4960AC79D0}.Release_KR_HShieldless|Win32.ActiveCfg = Release_KR_HShieldless|Win32
		{9BE51B01-4009-4D71-B809-DC4960AC79D0}.Release_KR_HShieldless|Win32.Build.0 = Release_KR_HShieldless|Win32
		{9BE51B01-4009-4D71-B809-DC4960AC79D0}.Release_KR_HShieldless|x64.ActiveCfg = Release_KR_HShieldless|x64
		{9BE51B01-4009-4D71-B809-DC4960AC79D0}.Release_KR_HShieldless|x64.Build.0 = Release_KR_HShieldless|x64
		{9BE51B01-4009-4D71-B809-DC4960AC79D0}.Release|Win32.ActiveCfg = Release|Win32
		{9BE51B01-4009-4D71-B809-DC4960AC79D0}.Release|Win32.Build.0 = Release|Win32
		{9BE51B01-4009-4D71-B809-DC4960AC79D0}.Release|x64.ActiveCfg = Release|x64
		{9BE51B01-4009-4D71-B809-DC4960AC79D0}.Release|x64.Build.0 = Release|x64
	EndGlobalSection
	GlobalSection(SolutionProperties) = preSolution
		HideSolutionNode = FALSE
	EndGlobalSection
EndGlobal
