
Microsoft Visual Studio Solution File, Format Version 9.00
# Visual Studio 2005
Project("{8BC9CEB8-8B4A-11D0-8D11-00A0C91BC942}") = "DnDummyClient", "DnDummyClient.vcproj", "{4880BF95-ACE6-4955-BF65-1CE5AAB573E5}"
	ProjectSection(ProjectDependencies) = postProject
		{ECAA74A5-5200-4BD9-A3EE-072999A59873} = {ECAA74A5-5200-4BD9-A3EE-072999A59873}
		{89343DCF-FB2E-4A86-83BF-9AD3DCA0062B} = {89343DCF-FB2E-4A86-83BF-9AD3DCA0062B}
		{68AFFED5-2264-4914-B291-AE0DC0ABE832} = {68AFFED5-2264-4914-B291-AE0DC0ABE832}
		{43C70C7B-8781-44F4-A4C6-4255724B30D9} = {43C70C7B-8781-44F4-A4C6-4255724B30D9}
		{BE23CF77-921D-4747-A02A-038DB1E487E2} = {BE23CF77-921D-4747-A02A-038DB1E487E2}
		{1D982671-8C3C-483B-A5E3-ABA6F5932C3B} = {1D982671-8C3C-483B-A5E3-ABA6F5932C3B}
		{723B846F-2236-4657-8989-0EA6AA46E4D6} = {723B846F-2236-4657-8989-0EA6AA46E4D6}
		{13EC1108-DB12-4B1F-B54B-889626C09D18} = {13EC1108-DB12-4B1F-B54B-889626C09D18}
		{9BE51B01-4009-4D71-B809-DC4960AC79D0} = {9BE51B01-4009-4D71-B809-DC4960AC79D0}
	EndProjectSection
EndProject
Project("{8BC9CEB8-8B4A-11D0-8D11-00A0C91BC942}") = "BugReporter", "..\..\Common\BugReporter\BugReporter.vcproj", "{9BE51B01-4009-4D71-B809-DC4960AC79D0}"
EndProject
Project("{8BC9CEB8-8B4A-11D0-8D11-00A0C91BC942}") = "EngineUtil", "..\..\Common\EngineUtil\EngineUtil.vcproj", "{723B846F-2236-4657-8989-0EA6AA46E4D6}"
EndProject
Project("{8BC9CEB8-8B4A-11D0-8D11-00A0C91BC942}") = "EternityEngineSrv", "..\..\Common\EternityEngineSrv\EternityEngineSrv.vcproj", "{13EC1108-DB12-4B1F-B54B-889626C09D18}"
EndProject
Project("{8BC9CEB8-8B4A-11D0-8D11-00A0C91BC942}") = "NetworkLib", "..\..\Common\NetworkLib\NetworkLib.vcproj", "{68AFFED5-2264-4914-B291-AE0DC0ABE832}"
EndProject
Project("{8BC9CEB8-8B4A-11D0-8D11-00A0C91BC942}") = "NxServerLib", "..\..\Common\NxServerLib\src\NxServerLib.vcproj", "{1D982671-8C3C-483B-A5E3-ABA6F5932C3B}"
EndProject
Project("{8BC9CEB8-8B4A-11D0-8D11-00A0C91BC942}") = "Protocol", "..\..\Common\Protocol\Protocol.vcproj", "{43C70C7B-8781-44F4-A4C6-4255724B30D9}"
EndProject
Project("{8BC9CEB8-8B4A-11D0-8D11-00A0C91BC942}") = "tinyxmlSTL", "..\..\Common\tinyxml\tinyxmlSTL.vcproj", "{BE23CF77-921D-4747-A02A-038DB1E487E2}"
EndProject
Project("{8BC9CEB8-8B4A-11D0-8D11-00A0C91BC942}") = "Utility", "..\..\Common\Utility\Utility.vcproj", "{89343DCF-FB2E-4A86-83BF-9AD3DCA0062B}"
EndProject
Project("{8BC9CEB8-8B4A-11D0-8D11-00A0C91BC942}") = "zlib", "..\..\Common\zlib\zlib.vcproj", "{ECAA74A5-5200-4BD9-A3EE-072999A59873}"
EndProject
Global
	GlobalSection(SubversionScc) = preSolution
		Svn-Managed = True
		Manager = AnkhSVN - Subversion Support for Visual Studio
	EndGlobalSection
	GlobalSection(SolutionConfigurationPlatforms) = preSolution
		Debug_CH|Win32 = Debug_CH|Win32
		Debug_CH|x64 = Debug_CH|x64
		Debug_DLL|Win32 = Debug_DLL|Win32
		Debug_DLL|x64 = Debug_DLL|x64
		Debug_JP|Win32 = Debug_JP|Win32
		Debug_JP|x64 = Debug_JP|x64
		Debug_Kr|Win32 = Debug_Kr|Win32
		Debug_Kr|x64 = Debug_Kr|x64
		Debug_LocalBuild|Win32 = Debug_LocalBuild|Win32
		Debug_LocalBuild|x64 = Debug_LocalBuild|x64
		Debug|Win32 = Debug|Win32
		Debug|x64 = Debug|x64
		RDebug|Win32 = RDebug|Win32
		RDebug|x64 = RDebug|x64
		Release_CH|Win32 = Release_CH|Win32
		Release_CH|x64 = Release_CH|x64
		Release_DLL|Win32 = Release_DLL|Win32
		Release_DLL|x64 = Release_DLL|x64
		Release_JP|Win32 = Release_JP|Win32
		Release_JP|x64 = Release_JP|x64
		Release_KR|Win32 = Release_KR|Win32
		Release_KR|x64 = Release_KR|x64
		Release|Win32 = Release|Win32
		Release|x64 = Release|x64
	EndGlobalSection
	GlobalSection(ProjectConfigurationPlatforms) = postSolution
		{4880BF95-ACE6-4955-BF65-1CE5AAB573E5}.Debug_CH|Win32.ActiveCfg = Debug|Win32
		{4880BF95-ACE6-4955-BF65-1CE5AAB573E5}.Debug_CH|Win32.Build.0 = Debug|Win32
		{4880BF95-ACE6-4955-BF65-1CE5AAB573E5}.Debug_CH|x64.ActiveCfg = Debug|Win32
		{4880BF95-ACE6-4955-BF65-1CE5AAB573E5}.Debug_DLL|Win32.ActiveCfg = Debug|Win32
		{4880BF95-ACE6-4955-BF65-1CE5AAB573E5}.Debug_DLL|Win32.Build.0 = Debug|Win32
		{4880BF95-ACE6-4955-BF65-1CE5AAB573E5}.Debug_DLL|x64.ActiveCfg = Debug|Win32
		{4880BF95-ACE6-4955-BF65-1CE5AAB573E5}.Debug_JP|Win32.ActiveCfg = Debug|Win32
		{4880BF95-ACE6-4955-BF65-1CE5AAB573E5}.Debug_JP|Win32.Build.0 = Debug|Win32
		{4880BF95-ACE6-4955-BF65-1CE5AAB573E5}.Debug_JP|x64.ActiveCfg = Debug|Win32
		{4880BF95-ACE6-4955-BF65-1CE5AAB573E5}.Debug_Kr|Win32.ActiveCfg = Debug|Win32
		{4880BF95-ACE6-4955-BF65-1CE5AAB573E5}.Debug_Kr|Win32.Build.0 = Debug|Win32
		{4880BF95-ACE6-4955-BF65-1CE5AAB573E5}.Debug_Kr|x64.ActiveCfg = Debug|Win32
		{4880BF95-ACE6-4955-BF65-1CE5AAB573E5}.Debug_LocalBuild|Win32.ActiveCfg = Debug|Win32
		{4880BF95-ACE6-4955-BF65-1CE5AAB573E5}.Debug_LocalBuild|Win32.Build.0 = Debug|Win32
		{4880BF95-ACE6-4955-BF65-1CE5AAB573E5}.Debug_LocalBuild|x64.ActiveCfg = Debug|Win32
		{4880BF95-ACE6-4955-BF65-1CE5AAB573E5}.Debug|Win32.ActiveCfg = Debug|Win32
		{4880BF95-ACE6-4955-BF65-1CE5AAB573E5}.Debug|Win32.Build.0 = Debug|Win32
		{4880BF95-ACE6-4955-BF65-1CE5AAB573E5}.Debug|x64.ActiveCfg = Debug|Win32
		{4880BF95-ACE6-4955-BF65-1CE5AAB573E5}.RDebug|Win32.ActiveCfg = Debug|Win32
		{4880BF95-ACE6-4955-BF65-1CE5AAB573E5}.RDebug|Win32.Build.0 = Debug|Win32
		{4880BF95-ACE6-4955-BF65-1CE5AAB573E5}.RDebug|x64.ActiveCfg = Debug|Win32
		{4880BF95-ACE6-4955-BF65-1CE5AAB573E5}.Release_CH|Win32.ActiveCfg = Release|Win32
		{4880BF95-ACE6-4955-BF65-1CE5AAB573E5}.Release_CH|Win32.Build.0 = Release|Win32
		{4880BF95-ACE6-4955-BF65-1CE5AAB573E5}.Release_CH|x64.ActiveCfg = Release|Win32
		{4880BF95-ACE6-4955-BF65-1CE5AAB573E5}.Release_DLL|Win32.ActiveCfg = Release|Win32
		{4880BF95-ACE6-4955-BF65-1CE5AAB573E5}.Release_DLL|Win32.Build.0 = Release|Win32
		{4880BF95-ACE6-4955-BF65-1CE5AAB573E5}.Release_DLL|x64.ActiveCfg = Release|Win32
		{4880BF95-ACE6-4955-BF65-1CE5AAB573E5}.Release_JP|Win32.ActiveCfg = Release|Win32
		{4880BF95-ACE6-4955-BF65-1CE5AAB573E5}.Release_JP|Win32.Build.0 = Release|Win32
		{4880BF95-ACE6-4955-BF65-1CE5AAB573E5}.Release_JP|x64.ActiveCfg = Release|Win32
		{4880BF95-ACE6-4955-BF65-1CE5AAB573E5}.Release_KR|Win32.ActiveCfg = Release|Win32
		{4880BF95-ACE6-4955-BF65-1CE5AAB573E5}.Release_KR|Win32.Build.0 = Release|Win32
		{4880BF95-ACE6-4955-BF65-1CE5AAB573E5}.Release_KR|x64.ActiveCfg = Release|Win32
		{4880BF95-ACE6-4955-BF65-1CE5AAB573E5}.Release|Win32.ActiveCfg = Release|Win32
		{4880BF95-ACE6-4955-BF65-1CE5AAB573E5}.Release|Win32.Build.0 = Release|Win32
		{4880BF95-ACE6-4955-BF65-1CE5AAB573E5}.Release|x64.ActiveCfg = Release|Win32
		{9BE51B01-4009-4D71-B809-DC4960AC79D0}.Debug_CH|Win32.ActiveCfg = Debug_DLL|x64
		{9BE51B01-4009-4D71-B809-DC4960AC79D0}.Debug_CH|x64.ActiveCfg = Debug_DLL|x64
		{9BE51B01-4009-4D71-B809-DC4960AC79D0}.Debug_CH|x64.Build.0 = Debug_DLL|x64
		{9BE51B01-4009-4D71-B809-DC4960AC79D0}.Debug_DLL|Win32.ActiveCfg = Debug_DLL|Win32
		{9BE51B01-4009-4D71-B809-DC4960AC79D0}.Debug_DLL|Win32.Build.0 = Debug_DLL|Win32
		{9BE51B01-4009-4D71-B809-DC4960AC79D0}.Debug_DLL|x64.ActiveCfg = Debug_DLL|x64
		{9BE51B01-4009-4D71-B809-DC4960AC79D0}.Debug_DLL|x64.Build.0 = Debug_DLL|x64
		{9BE51B01-4009-4D71-B809-DC4960AC79D0}.Debug_JP|Win32.ActiveCfg = Debug_DLL|x64
		{9BE51B01-4009-4D71-B809-DC4960AC79D0}.Debug_JP|x64.ActiveCfg = Debug_DLL|x64
		{9BE51B01-4009-4D71-B809-DC4960AC79D0}.Debug_JP|x64.Build.0 = Debug_DLL|x64
		{9BE51B01-4009-4D71-B809-DC4960AC79D0}.Debug_Kr|Win32.ActiveCfg = Debug_DLL|x64
		{9BE51B01-4009-4D71-B809-DC4960AC79D0}.Debug_Kr|x64.ActiveCfg = Debug_DLL|x64
		{9BE51B01-4009-4D71-B809-DC4960AC79D0}.Debug_Kr|x64.Build.0 = Debug_DLL|x64
		{9BE51B01-4009-4D71-B809-DC4960AC79D0}.Debug_LocalBuild|Win32.ActiveCfg = Debug|Win32
		{9BE51B01-4009-4D71-B809-DC4960AC79D0}.Debug_LocalBuild|Win32.Build.0 = Debug|Win32
		{9BE51B01-4009-4D71-B809-DC4960AC79D0}.Debug_LocalBuild|x64.ActiveCfg = Debug_DLL|x64
		{9BE51B01-4009-4D71-B809-DC4960AC79D0}.Debug_LocalBuild|x64.Build.0 = Debug_DLL|x64
		{9BE51B01-4009-4D71-B809-DC4960AC79D0}.Debug|Win32.ActiveCfg = Debug|Win32
		{9BE51B01-4009-4D71-B809-DC4960AC79D0}.Debug|Win32.Build.0 = Debug|Win32
		{9BE51B01-4009-4D71-B809-DC4960AC79D0}.Debug|x64.ActiveCfg = Debug|x64
		{9BE51B01-4009-4D71-B809-DC4960AC79D0}.Debug|x64.Build.0 = Debug|x64
		{9BE51B01-4009-4D71-B809-DC4960AC79D0}.RDebug|Win32.ActiveCfg = RDebug|Win32
		{9BE51B01-4009-4D71-B809-DC4960AC79D0}.RDebug|Win32.Build.0 = RDebug|Win32
		{9BE51B01-4009-4D71-B809-DC4960AC79D0}.RDebug|x64.ActiveCfg = RDebug|x64
		{9BE51B01-4009-4D71-B809-DC4960AC79D0}.RDebug|x64.Build.0 = RDebug|x64
		{9BE51B01-4009-4D71-B809-DC4960AC79D0}.Release_CH|Win32.ActiveCfg = Release_DLL|x64
		{9BE51B01-4009-4D71-B809-DC4960AC79D0}.Release_CH|x64.ActiveCfg = Release_DLL|x64
		{9BE51B01-4009-4D71-B809-DC4960AC79D0}.Release_CH|x64.Build.0 = Release_DLL|x64
		{9BE51B01-4009-4D71-B809-DC4960AC79D0}.Release_DLL|Win32.ActiveCfg = Release_DLL|Win32
		{9BE51B01-4009-4D71-B809-DC4960AC79D0}.Release_DLL|Win32.Build.0 = Release_DLL|Win32
		{9BE51B01-4009-4D71-B809-DC4960AC79D0}.Release_DLL|x64.ActiveCfg = Release_DLL|x64
		{9BE51B01-4009-4D71-B809-DC4960AC79D0}.Release_DLL|x64.Build.0 = Release_DLL|x64
		{9BE51B01-4009-4D71-B809-DC4960AC79D0}.Release_JP|Win32.ActiveCfg = Release_DLL|x64
		{9BE51B01-4009-4D71-B809-DC4960AC79D0}.Release_JP|x64.ActiveCfg = Release_DLL|x64
		{9BE51B01-4009-4D71-B809-DC4960AC79D0}.Release_JP|x64.Build.0 = Release_DLL|x64
		{9BE51B01-4009-4D71-B809-DC4960AC79D0}.Release_KR|Win32.ActiveCfg = Release_DLL|x64
		{9BE51B01-4009-4D71-B809-DC4960AC79D0}.Release_KR|x64.ActiveCfg = Release_DLL|x64
		{9BE51B01-4009-4D71-B809-DC4960AC79D0}.Release_KR|x64.Build.0 = Release_DLL|x64
		{9BE51B01-4009-4D71-B809-DC4960AC79D0}.Release|Win32.ActiveCfg = Release|Win32
		{9BE51B01-4009-4D71-B809-DC4960AC79D0}.Release|Win32.Build.0 = Release|Win32
		{9BE51B01-4009-4D71-B809-DC4960AC79D0}.Release|x64.ActiveCfg = Release|x64
		{9BE51B01-4009-4D71-B809-DC4960AC79D0}.Release|x64.Build.0 = Release|x64
		{723B846F-2236-4657-8989-0EA6AA46E4D6}.Debug_CH|Win32.ActiveCfg = Debug_DLL|x64
		{723B846F-2236-4657-8989-0EA6AA46E4D6}.Debug_CH|x64.ActiveCfg = Debug_DLL|x64
		{723B846F-2236-4657-8989-0EA6AA46E4D6}.Debug_CH|x64.Build.0 = Debug_DLL|x64
		{723B846F-2236-4657-8989-0EA6AA46E4D6}.Debug_DLL|Win32.ActiveCfg = Debug_DLL|Win32
		{723B846F-2236-4657-8989-0EA6AA46E4D6}.Debug_DLL|Win32.Build.0 = Debug_DLL|Win32
		{723B846F-2236-4657-8989-0EA6AA46E4D6}.Debug_DLL|x64.ActiveCfg = Debug_DLL|x64
		{723B846F-2236-4657-8989-0EA6AA46E4D6}.Debug_DLL|x64.Build.0 = Debug_DLL|x64
		{723B846F-2236-4657-8989-0EA6AA46E4D6}.Debug_JP|Win32.ActiveCfg = Debug_DLL|x64
		{723B846F-2236-4657-8989-0EA6AA46E4D6}.Debug_JP|x64.ActiveCfg = Debug_DLL|x64
		{723B846F-2236-4657-8989-0EA6AA46E4D6}.Debug_JP|x64.Build.0 = Debug_DLL|x64
		{723B846F-2236-4657-8989-0EA6AA46E4D6}.Debug_Kr|Win32.ActiveCfg = Debug_DLL|x64
		{723B846F-2236-4657-8989-0EA6AA46E4D6}.Debug_Kr|x64.ActiveCfg = Debug_DLL|x64
		{723B846F-2236-4657-8989-0EA6AA46E4D6}.Debug_Kr|x64.Build.0 = Debug_DLL|x64
		{723B846F-2236-4657-8989-0EA6AA46E4D6}.Debug_LocalBuild|Win32.ActiveCfg = Debug|Win32
		{723B846F-2236-4657-8989-0EA6AA46E4D6}.Debug_LocalBuild|Win32.Build.0 = Debug|Win32
		{723B846F-2236-4657-8989-0EA6AA46E4D6}.Debug_LocalBuild|x64.ActiveCfg = Debug_DLL|x64
		{723B846F-2236-4657-8989-0EA6AA46E4D6}.Debug_LocalBuild|x64.Build.0 = Debug_DLL|x64
		{723B846F-2236-4657-8989-0EA6AA46E4D6}.Debug|Win32.ActiveCfg = Debug|Win32
		{723B846F-2236-4657-8989-0EA6AA46E4D6}.Debug|Win32.Build.0 = Debug|Win32
		{723B846F-2236-4657-8989-0EA6AA46E4D6}.Debug|x64.ActiveCfg = Debug|x64
		{723B846F-2236-4657-8989-0EA6AA46E4D6}.Debug|x64.Build.0 = Debug|x64
		{723B846F-2236-4657-8989-0EA6AA46E4D6}.RDebug|Win32.ActiveCfg = RDebug|Win32
		{723B846F-2236-4657-8989-0EA6AA46E4D6}.RDebug|Win32.Build.0 = RDebug|Win32
		{723B846F-2236-4657-8989-0EA6AA46E4D6}.RDebug|x64.ActiveCfg = RDebug|x64
		{723B846F-2236-4657-8989-0EA6AA46E4D6}.RDebug|x64.Build.0 = RDebug|x64
		{723B846F-2236-4657-8989-0EA6AA46E4D6}.Release_CH|Win32.ActiveCfg = Release_DLL|x64
		{723B846F-2236-4657-8989-0EA6AA46E4D6}.Release_CH|x64.ActiveCfg = Release_DLL|x64
		{723B846F-2236-4657-8989-0EA6AA46E4D6}.Release_CH|x64.Build.0 = Release_DLL|x64
		{723B846F-2236-4657-8989-0EA6AA46E4D6}.Release_DLL|Win32.ActiveCfg = Release_DLL|Win32
		{723B846F-2236-4657-8989-0EA6AA46E4D6}.Release_DLL|Win32.Build.0 = Release_DLL|Win32
		{723B846F-2236-4657-8989-0EA6AA46E4D6}.Release_DLL|x64.ActiveCfg = Release_DLL|x64
		{723B846F-2236-4657-8989-0EA6AA46E4D6}.Release_DLL|x64.Build.0 = Release_DLL|x64
		{723B846F-2236-4657-8989-0EA6AA46E4D6}.Release_JP|Win32.ActiveCfg = Release_DLL|x64
		{723B846F-2236-4657-8989-0EA6AA46E4D6}.Release_JP|x64.ActiveCfg = Release_DLL|x64
		{723B846F-2236-4657-8989-0EA6AA46E4D6}.Release_JP|x64.Build.0 = Release_DLL|x64
		{723B846F-2236-4657-8989-0EA6AA46E4D6}.Release_KR|Win32.ActiveCfg = Release_DLL|x64
		{723B846F-2236-4657-8989-0EA6AA46E4D6}.Release_KR|x64.ActiveCfg = Release_DLL|x64
		{723B846F-2236-4657-8989-0EA6AA46E4D6}.Release_KR|x64.Build.0 = Release_DLL|x64
		{723B846F-2236-4657-8989-0EA6AA46E4D6}.Release|Win32.ActiveCfg = Release|Win32
		{723B846F-2236-4657-8989-0EA6AA46E4D6}.Release|Win32.Build.0 = Release|Win32
		{723B846F-2236-4657-8989-0EA6AA46E4D6}.Release|x64.ActiveCfg = Release|x64
		{723B846F-2236-4657-8989-0EA6AA46E4D6}.Release|x64.Build.0 = Release|x64
		{13EC1108-DB12-4B1F-B54B-889626C09D18}.Debug_CH|Win32.ActiveCfg = Debug|x64
		{13EC1108-DB12-4B1F-B54B-889626C09D18}.Debug_CH|x64.ActiveCfg = Debug|x64
		{13EC1108-DB12-4B1F-B54B-889626C09D18}.Debug_CH|x64.Build.0 = Debug|x64
		{13EC1108-DB12-4B1F-B54B-889626C09D18}.Debug_DLL|Win32.ActiveCfg = Debug|x64
		{13EC1108-DB12-4B1F-B54B-889626C09D18}.Debug_DLL|x64.ActiveCfg = Debug|x64
		{13EC1108-DB12-4B1F-B54B-889626C09D18}.Debug_DLL|x64.Build.0 = Debug|x64
		{13EC1108-DB12-4B1F-B54B-889626C09D18}.Debug_JP|Win32.ActiveCfg = Debug|x64
		{13EC1108-DB12-4B1F-B54B-889626C09D18}.Debug_JP|x64.ActiveCfg = Debug|x64
		{13EC1108-DB12-4B1F-B54B-889626C09D18}.Debug_JP|x64.Build.0 = Debug|x64
		{13EC1108-DB12-4B1F-B54B-889626C09D18}.Debug_Kr|Win32.ActiveCfg = Debug|x64
		{13EC1108-DB12-4B1F-B54B-889626C09D18}.Debug_Kr|x64.ActiveCfg = Debug|x64
		{13EC1108-DB12-4B1F-B54B-889626C09D18}.Debug_Kr|x64.Build.0 = Debug|x64
		{13EC1108-DB12-4B1F-B54B-889626C09D18}.Debug_LocalBuild|Win32.ActiveCfg = Debug|Win32
		{13EC1108-DB12-4B1F-B54B-889626C09D18}.Debug_LocalBuild|Win32.Build.0 = Debug|Win32
		{13EC1108-DB12-4B1F-B54B-889626C09D18}.Debug_LocalBuild|x64.ActiveCfg = Debug|x64
		{13EC1108-DB12-4B1F-B54B-889626C09D18}.Debug_LocalBuild|x64.Build.0 = Debug|x64
		{13EC1108-DB12-4B1F-B54B-889626C09D18}.Debug|Win32.ActiveCfg = Debug|Win32
		{13EC1108-DB12-4B1F-B54B-889626C09D18}.Debug|Win32.Build.0 = Debug|Win32
		{13EC1108-DB12-4B1F-B54B-889626C09D18}.Debug|x64.ActiveCfg = Debug|x64
		{13EC1108-DB12-4B1F-B54B-889626C09D18}.Debug|x64.Build.0 = Debug|x64
		{13EC1108-DB12-4B1F-B54B-889626C09D18}.RDebug|Win32.ActiveCfg = RDebug|Win32
		{13EC1108-DB12-4B1F-B54B-889626C09D18}.RDebug|Win32.Build.0 = RDebug|Win32
		{13EC1108-DB12-4B1F-B54B-889626C09D18}.RDebug|x64.ActiveCfg = RDebug|x64
		{13EC1108-DB12-4B1F-B54B-889626C09D18}.RDebug|x64.Build.0 = RDebug|x64
		{13EC1108-DB12-4B1F-B54B-889626C09D18}.Release_CH|Win32.ActiveCfg = Release|x64
		{13EC1108-DB12-4B1F-B54B-889626C09D18}.Release_CH|x64.ActiveCfg = Release|x64
		{13EC1108-DB12-4B1F-B54B-889626C09D18}.Release_CH|x64.Build.0 = Release|x64
		{13EC1108-DB12-4B1F-B54B-889626C09D18}.Release_DLL|Win32.ActiveCfg = Release|Win32
		{13EC1108-DB12-4B1F-B54B-889626C09D18}.Release_DLL|Win32.Build.0 = Release|Win32
		{13EC1108-DB12-4B1F-B54B-889626C09D18}.Release_DLL|x64.ActiveCfg = Release|x64
		{13EC1108-DB12-4B1F-B54B-889626C09D18}.Release_DLL|x64.Build.0 = Release|x64
		{13EC1108-DB12-4B1F-B54B-889626C09D18}.Release_JP|Win32.ActiveCfg = Release|x64
		{13EC1108-DB12-4B1F-B54B-889626C09D18}.Release_JP|x64.ActiveCfg = Release|x64
		{13EC1108-DB12-4B1F-B54B-889626C09D18}.Release_JP|x64.Build.0 = Release|x64
		{13EC1108-DB12-4B1F-B54B-889626C09D18}.Release_KR|Win32.ActiveCfg = Release|x64
		{13EC1108-DB12-4B1F-B54B-889626C09D18}.Release_KR|x64.ActiveCfg = Release|x64
		{13EC1108-DB12-4B1F-B54B-889626C09D18}.Release_KR|x64.Build.0 = Release|x64
		{13EC1108-DB12-4B1F-B54B-889626C09D18}.Release|Win32.ActiveCfg = Release|Win32
		{13EC1108-DB12-4B1F-B54B-889626C09D18}.Release|Win32.Build.0 = Release|Win32
		{13EC1108-DB12-4B1F-B54B-889626C09D18}.Release|x64.ActiveCfg = Release|x64
		{13EC1108-DB12-4B1F-B54B-889626C09D18}.Release|x64.Build.0 = Release|x64
		{68AFFED5-2264-4914-B291-AE0DC0ABE832}.Debug_CH|Win32.ActiveCfg = Debug|x64
		{68AFFED5-2264-4914-B291-AE0DC0ABE832}.Debug_CH|x64.ActiveCfg = Debug|x64
		{68AFFED5-2264-4914-B291-AE0DC0ABE832}.Debug_CH|x64.Build.0 = Debug|x64
		{68AFFED5-2264-4914-B291-AE0DC0ABE832}.Debug_DLL|Win32.ActiveCfg = Debug|x64
		{68AFFED5-2264-4914-B291-AE0DC0ABE832}.Debug_DLL|x64.ActiveCfg = Debug|x64
		{68AFFED5-2264-4914-B291-AE0DC0ABE832}.Debug_DLL|x64.Build.0 = Debug|x64
		{68AFFED5-2264-4914-B291-AE0DC0ABE832}.Debug_JP|Win32.ActiveCfg = Debug|x64
		{68AFFED5-2264-4914-B291-AE0DC0ABE832}.Debug_JP|x64.ActiveCfg = Debug|x64
		{68AFFED5-2264-4914-B291-AE0DC0ABE832}.Debug_JP|x64.Build.0 = Debug|x64
		{68AFFED5-2264-4914-B291-AE0DC0ABE832}.Debug_Kr|Win32.ActiveCfg = Debug|x64
		{68AFFED5-2264-4914-B291-AE0DC0ABE832}.Debug_Kr|x64.ActiveCfg = Debug|x64
		{68AFFED5-2264-4914-B291-AE0DC0ABE832}.Debug_Kr|x64.Build.0 = Debug|x64
		{68AFFED5-2264-4914-B291-AE0DC0ABE832}.Debug_LocalBuild|Win32.ActiveCfg = Debug|Win32
		{68AFFED5-2264-4914-B291-AE0DC0ABE832}.Debug_LocalBuild|Win32.Build.0 = Debug|Win32
		{68AFFED5-2264-4914-B291-AE0DC0ABE832}.Debug_LocalBuild|x64.ActiveCfg = Debug|x64
		{68AFFED5-2264-4914-B291-AE0DC0ABE832}.Debug_LocalBuild|x64.Build.0 = Debug|x64
		{68AFFED5-2264-4914-B291-AE0DC0ABE832}.Debug|Win32.ActiveCfg = Debug|Win32
		{68AFFED5-2264-4914-B291-AE0DC0ABE832}.Debug|Win32.Build.0 = Debug|Win32
		{68AFFED5-2264-4914-B291-AE0DC0ABE832}.Debug|x64.ActiveCfg = Debug|x64
		{68AFFED5-2264-4914-B291-AE0DC0ABE832}.Debug|x64.Build.0 = Debug|x64
		{68AFFED5-2264-4914-B291-AE0DC0ABE832}.RDebug|Win32.ActiveCfg = RDebug|Win32
		{68AFFED5-2264-4914-B291-AE0DC0ABE832}.RDebug|Win32.Build.0 = RDebug|Win32
		{68AFFED5-2264-4914-B291-AE0DC0ABE832}.RDebug|x64.ActiveCfg = RDebug|x64
		{68AFFED5-2264-4914-B291-AE0DC0ABE832}.RDebug|x64.Build.0 = RDebug|x64
		{68AFFED5-2264-4914-B291-AE0DC0ABE832}.Release_CH|Win32.ActiveCfg = Release|x64
		{68AFFED5-2264-4914-B291-AE0DC0ABE832}.Release_CH|x64.ActiveCfg = Release|x64
		{68AFFED5-2264-4914-B291-AE0DC0ABE832}.Release_CH|x64.Build.0 = Release|x64
		{68AFFED5-2264-4914-B291-AE0DC0ABE832}.Release_DLL|Win32.ActiveCfg = Release|Win32
		{68AFFED5-2264-4914-B291-AE0DC0ABE832}.Release_DLL|Win32.Build.0 = Release|Win32
		{68AFFED5-2264-4914-B291-AE0DC0ABE832}.Release_DLL|x64.ActiveCfg = Release|x64
		{68AFFED5-2264-4914-B291-AE0DC0ABE832}.Release_DLL|x64.Build.0 = Release|x64
		{68AFFED5-2264-4914-B291-AE0DC0ABE832}.Release_JP|Win32.ActiveCfg = Release|x64
		{68AFFED5-2264-4914-B291-AE0DC0ABE832}.Release_JP|x64.ActiveCfg = Release|x64
		{68AFFED5-2264-4914-B291-AE0DC0ABE832}.Release_JP|x64.Build.0 = Release|x64
		{68AFFED5-2264-4914-B291-AE0DC0ABE832}.Release_KR|Win32.ActiveCfg = Release|x64
		{68AFFED5-2264-4914-B291-AE0DC0ABE832}.Release_KR|x64.ActiveCfg = Release|x64
		{68AFFED5-2264-4914-B291-AE0DC0ABE832}.Release_KR|x64.Build.0 = Release|x64
		{68AFFED5-2264-4914-B291-AE0DC0ABE832}.Release|Win32.ActiveCfg = Release|Win32
		{68AFFED5-2264-4914-B291-AE0DC0ABE832}.Release|Win32.Build.0 = Release|Win32
		{68AFFED5-2264-4914-B291-AE0DC0ABE832}.Release|x64.ActiveCfg = Release|x64
		{68AFFED5-2264-4914-B291-AE0DC0ABE832}.Release|x64.Build.0 = Release|x64
		{1D982671-8C3C-483B-A5E3-ABA6F5932C3B}.Debug_CH|Win32.ActiveCfg = Debug|Win32
		{1D982671-8C3C-483B-A5E3-ABA6F5932C3B}.Debug_CH|Win32.Build.0 = Debug|Win32
		{1D982671-8C3C-483B-A5E3-ABA6F5932C3B}.Debug_CH|x64.ActiveCfg = Debug|Win32
		{1D982671-8C3C-483B-A5E3-ABA6F5932C3B}.Debug_DLL|Win32.ActiveCfg = Debug|Win32
		{1D982671-8C3C-483B-A5E3-ABA6F5932C3B}.Debug_DLL|Win32.Build.0 = Debug|Win32
		{1D982671-8C3C-483B-A5E3-ABA6F5932C3B}.Debug_DLL|x64.ActiveCfg = Debug|Win32
		{1D982671-8C3C-483B-A5E3-ABA6F5932C3B}.Debug_JP|Win32.ActiveCfg = Debug|Win32
		{1D982671-8C3C-483B-A5E3-ABA6F5932C3B}.Debug_JP|Win32.Build.0 = Debug|Win32
		{1D982671-8C3C-483B-A5E3-ABA6F5932C3B}.Debug_JP|x64.ActiveCfg = Debug|Win32
		{1D982671-8C3C-483B-A5E3-ABA6F5932C3B}.Debug_Kr|Win32.ActiveCfg = Debug|Win32
		{1D982671-8C3C-483B-A5E3-ABA6F5932C3B}.Debug_Kr|Win32.Build.0 = Debug|Win32
		{1D982671-8C3C-483B-A5E3-ABA6F5932C3B}.Debug_Kr|x64.ActiveCfg = Debug|Win32
		{1D982671-8C3C-483B-A5E3-ABA6F5932C3B}.Debug_LocalBuild|Win32.ActiveCfg = Debug|Win32
		{1D982671-8C3C-483B-A5E3-ABA6F5932C3B}.Debug_LocalBuild|Win32.Build.0 = Debug|Win32
		{1D982671-8C3C-483B-A5E3-ABA6F5932C3B}.Debug_LocalBuild|x64.ActiveCfg = Debug|Win32
		{1D982671-8C3C-483B-A5E3-ABA6F5932C3B}.Debug|Win32.ActiveCfg = Debug|Win32
		{1D982671-8C3C-483B-A5E3-ABA6F5932C3B}.Debug|Win32.Build.0 = Debug|Win32
		{1D982671-8C3C-483B-A5E3-ABA6F5932C3B}.Debug|x64.ActiveCfg = Debug|Win32
		{1D982671-8C3C-483B-A5E3-ABA6F5932C3B}.RDebug|Win32.ActiveCfg = Debug|Win32
		{1D982671-8C3C-483B-A5E3-ABA6F5932C3B}.RDebug|Win32.Build.0 = Debug|Win32
		{1D982671-8C3C-483B-A5E3-ABA6F5932C3B}.RDebug|x64.ActiveCfg = Debug|Win32
		{1D982671-8C3C-483B-A5E3-ABA6F5932C3B}.Release_CH|Win32.ActiveCfg = Release|Win32
		{1D982671-8C3C-483B-A5E3-ABA6F5932C3B}.Release_CH|Win32.Build.0 = Release|Win32
		{1D982671-8C3C-483B-A5E3-ABA6F5932C3B}.Release_CH|x64.ActiveCfg = Release|Win32
		{1D982671-8C3C-483B-A5E3-ABA6F5932C3B}.Release_DLL|Win32.ActiveCfg = Release|Win32
		{1D982671-8C3C-483B-A5E3-ABA6F5932C3B}.Release_DLL|Win32.Build.0 = Release|Win32
		{1D982671-8C3C-483B-A5E3-ABA6F5932C3B}.Release_DLL|x64.ActiveCfg = Release|Win32
		{1D982671-8C3C-483B-A5E3-ABA6F5932C3B}.Release_JP|Win32.ActiveCfg = Release|Win32
		{1D982671-8C3C-483B-A5E3-ABA6F5932C3B}.Release_JP|Win32.Build.0 = Release|Win32
		{1D982671-8C3C-483B-A5E3-ABA6F5932C3B}.Release_JP|x64.ActiveCfg = Release|Win32
		{1D982671-8C3C-483B-A5E3-ABA6F5932C3B}.Release_KR|Win32.ActiveCfg = Release|Win32
		{1D982671-8C3C-483B-A5E3-ABA6F5932C3B}.Release_KR|Win32.Build.0 = Release|Win32
		{1D982671-8C3C-483B-A5E3-ABA6F5932C3B}.Release_KR|x64.ActiveCfg = Release|Win32
		{1D982671-8C3C-483B-A5E3-ABA6F5932C3B}.Release|Win32.ActiveCfg = Release|Win32
		{1D982671-8C3C-483B-A5E3-ABA6F5932C3B}.Release|Win32.Build.0 = Release|Win32
		{1D982671-8C3C-483B-A5E3-ABA6F5932C3B}.Release|x64.ActiveCfg = Release|Win32
		{43C70C7B-8781-44F4-A4C6-4255724B30D9}.Debug_CH|Win32.ActiveCfg = Debug|x64
		{43C70C7B-8781-44F4-A4C6-4255724B30D9}.Debug_CH|x64.ActiveCfg = Debug|x64
		{43C70C7B-8781-44F4-A4C6-4255724B30D9}.Debug_CH|x64.Build.0 = Debug|x64
		{43C70C7B-8781-44F4-A4C6-4255724B30D9}.Debug_DLL|Win32.ActiveCfg = Debug|x64
		{43C70C7B-8781-44F4-A4C6-4255724B30D9}.Debug_DLL|x64.ActiveCfg = Debug|x64
		{43C70C7B-8781-44F4-A4C6-4255724B30D9}.Debug_DLL|x64.Build.0 = Debug|x64
		{43C70C7B-8781-44F4-A4C6-4255724B30D9}.Debug_JP|Win32.ActiveCfg = Debug|x64
		{43C70C7B-8781-44F4-A4C6-4255724B30D9}.Debug_JP|x64.ActiveCfg = Debug|x64
		{43C70C7B-8781-44F4-A4C6-4255724B30D9}.Debug_JP|x64.Build.0 = Debug|x64
		{43C70C7B-8781-44F4-A4C6-4255724B30D9}.Debug_Kr|Win32.ActiveCfg = Debug|x64
		{43C70C7B-8781-44F4-A4C6-4255724B30D9}.Debug_Kr|x64.ActiveCfg = Debug|x64
		{43C70C7B-8781-44F4-A4C6-4255724B30D9}.Debug_Kr|x64.Build.0 = Debug|x64
		{43C70C7B-8781-44F4-A4C6-4255724B30D9}.Debug_LocalBuild|Win32.ActiveCfg = Debug|Win32
		{43C70C7B-8781-44F4-A4C6-4255724B30D9}.Debug_LocalBuild|Win32.Build.0 = Debug|Win32
		{43C70C7B-8781-44F4-A4C6-4255724B30D9}.Debug_LocalBuild|x64.ActiveCfg = Debug|x64
		{43C70C7B-8781-44F4-A4C6-4255724B30D9}.Debug_LocalBuild|x64.Build.0 = Debug|x64
		{43C70C7B-8781-44F4-A4C6-4255724B30D9}.Debug|Win32.ActiveCfg = Debug|Win32
		{43C70C7B-8781-44F4-A4C6-4255724B30D9}.Debug|Win32.Build.0 = Debug|Win32
		{43C70C7B-8781-44F4-A4C6-4255724B30D9}.Debug|x64.ActiveCfg = Debug|x64
		{43C70C7B-8781-44F4-A4C6-4255724B30D9}.Debug|x64.Build.0 = Debug|x64
		{43C70C7B-8781-44F4-A4C6-4255724B30D9}.RDebug|Win32.ActiveCfg = RDebug|Win32
		{43C70C7B-8781-44F4-A4C6-4255724B30D9}.RDebug|Win32.Build.0 = RDebug|Win32
		{43C70C7B-8781-44F4-A4C6-4255724B30D9}.RDebug|x64.ActiveCfg = RDebug|x64
		{43C70C7B-8781-44F4-A4C6-4255724B30D9}.RDebug|x64.Build.0 = RDebug|x64
		{43C70C7B-8781-44F4-A4C6-4255724B30D9}.Release_CH|Win32.ActiveCfg = Release|x64
		{43C70C7B-8781-44F4-A4C6-4255724B30D9}.Release_CH|x64.ActiveCfg = Release|x64
		{43C70C7B-8781-44F4-A4C6-4255724B30D9}.Release_CH|x64.Build.0 = Release|x64
		{43C70C7B-8781-44F4-A4C6-4255724B30D9}.Release_DLL|Win32.ActiveCfg = Release|Win32
		{43C70C7B-8781-44F4-A4C6-4255724B30D9}.Release_DLL|Win32.Build.0 = Release|Win32
		{43C70C7B-8781-44F4-A4C6-4255724B30D9}.Release_DLL|x64.ActiveCfg = Release|x64
		{43C70C7B-8781-44F4-A4C6-4255724B30D9}.Release_DLL|x64.Build.0 = Release|x64
		{43C70C7B-8781-44F4-A4C6-4255724B30D9}.Release_JP|Win32.ActiveCfg = Release|x64
		{43C70C7B-8781-44F4-A4C6-4255724B30D9}.Release_JP|x64.ActiveCfg = Release|x64
		{43C70C7B-8781-44F4-A4C6-4255724B30D9}.Release_JP|x64.Build.0 = Release|x64
		{43C70C7B-8781-44F4-A4C6-4255724B30D9}.Release_KR|Win32.ActiveCfg = Release|x64
		{43C70C7B-8781-44F4-A4C6-4255724B30D9}.Release_KR|x64.ActiveCfg = Release|x64
		{43C70C7B-8781-44F4-A4C6-4255724B30D9}.Release_KR|x64.Build.0 = Release|x64
		{43C70C7B-8781-44F4-A4C6-4255724B30D9}.Release|Win32.ActiveCfg = Release|Win32
		{43C70C7B-8781-44F4-A4C6-4255724B30D9}.Release|Win32.Build.0 = Release|Win32
		{43C70C7B-8781-44F4-A4C6-4255724B30D9}.Release|x64.ActiveCfg = Release|x64
		{43C70C7B-8781-44F4-A4C6-4255724B30D9}.Release|x64.Build.0 = Release|x64
		{BE23CF77-921D-4747-A02A-038DB1E487E2}.Debug_CH|Win32.ActiveCfg = Debug_CH|Win32
		{BE23CF77-921D-4747-A02A-038DB1E487E2}.Debug_CH|Win32.Build.0 = Debug_CH|Win32
		{BE23CF77-921D-4747-A02A-038DB1E487E2}.Debug_CH|x64.ActiveCfg = Debug_CH|x64
		{BE23CF77-921D-4747-A02A-038DB1E487E2}.Debug_CH|x64.Build.0 = Debug_CH|x64
		{BE23CF77-921D-4747-A02A-038DB1E487E2}.Debug_DLL|Win32.ActiveCfg = Debug_DLL|Win32
		{BE23CF77-921D-4747-A02A-038DB1E487E2}.Debug_DLL|Win32.Build.0 = Debug_DLL|Win32
		{BE23CF77-921D-4747-A02A-038DB1E487E2}.Debug_DLL|x64.ActiveCfg = Debug_DLL|x64
		{BE23CF77-921D-4747-A02A-038DB1E487E2}.Debug_DLL|x64.Build.0 = Debug_DLL|x64
		{BE23CF77-921D-4747-A02A-038DB1E487E2}.Debug_JP|Win32.ActiveCfg = Debug_JP|Win32
		{BE23CF77-921D-4747-A02A-038DB1E487E2}.Debug_JP|Win32.Build.0 = Debug_JP|Win32
		{BE23CF77-921D-4747-A02A-038DB1E487E2}.Debug_JP|x64.ActiveCfg = Debug_JP|x64
		{BE23CF77-921D-4747-A02A-038DB1E487E2}.Debug_JP|x64.Build.0 = Debug_JP|x64
		{BE23CF77-921D-4747-A02A-038DB1E487E2}.Debug_Kr|Win32.ActiveCfg = Debug_Kr|Win32
		{BE23CF77-921D-4747-A02A-038DB1E487E2}.Debug_Kr|Win32.Build.0 = Debug_Kr|Win32
		{BE23CF77-921D-4747-A02A-038DB1E487E2}.Debug_Kr|x64.ActiveCfg = Debug_Kr|x64
		{BE23CF77-921D-4747-A02A-038DB1E487E2}.Debug_Kr|x64.Build.0 = Debug_Kr|x64
		{BE23CF77-921D-4747-A02A-038DB1E487E2}.Debug_LocalBuild|Win32.ActiveCfg = Debug|Win32
		{BE23CF77-921D-4747-A02A-038DB1E487E2}.Debug_LocalBuild|Win32.Build.0 = Debug|Win32
		{BE23CF77-921D-4747-A02A-038DB1E487E2}.Debug_LocalBuild|x64.ActiveCfg = Debug_LocalBuild|x64
		{BE23CF77-921D-4747-A02A-038DB1E487E2}.Debug_LocalBuild|x64.Build.0 = Debug_LocalBuild|x64
		{BE23CF77-921D-4747-A02A-038DB1E487E2}.Debug|Win32.ActiveCfg = Debug|Win32
		{BE23CF77-921D-4747-A02A-038DB1E487E2}.Debug|Win32.Build.0 = Debug|Win32
		{BE23CF77-921D-4747-A02A-038DB1E487E2}.Debug|x64.ActiveCfg = Debug|x64
		{BE23CF77-921D-4747-A02A-038DB1E487E2}.Debug|x64.Build.0 = Debug|x64
		{BE23CF77-921D-4747-A02A-038DB1E487E2}.RDebug|Win32.ActiveCfg = RDebug|Win32
		{BE23CF77-921D-4747-A02A-038DB1E487E2}.RDebug|Win32.Build.0 = RDebug|Win32
		{BE23CF77-921D-4747-A02A-038DB1E487E2}.RDebug|x64.ActiveCfg = RDebug|x64
		{BE23CF77-921D-4747-A02A-038DB1E487E2}.RDebug|x64.Build.0 = RDebug|x64
		{BE23CF77-921D-4747-A02A-038DB1E487E2}.Release_CH|Win32.ActiveCfg = Release_CH|Win32
		{BE23CF77-921D-4747-A02A-038DB1E487E2}.Release_CH|Win32.Build.0 = Release_CH|Win32
		{BE23CF77-921D-4747-A02A-038DB1E487E2}.Release_CH|x64.ActiveCfg = Release_CH|x64
		{BE23CF77-921D-4747-A02A-038DB1E487E2}.Release_CH|x64.Build.0 = Release_CH|x64
		{BE23CF77-921D-4747-A02A-038DB1E487E2}.Release_DLL|Win32.ActiveCfg = Release_DLL|Win32
		{BE23CF77-921D-4747-A02A-038DB1E487E2}.Release_DLL|Win32.Build.0 = Release_DLL|Win32
		{BE23CF77-921D-4747-A02A-038DB1E487E2}.Release_DLL|x64.ActiveCfg = Release_DLL|x64
		{BE23CF77-921D-4747-A02A-038DB1E487E2}.Release_DLL|x64.Build.0 = Release_DLL|x64
		{BE23CF77-921D-4747-A02A-038DB1E487E2}.Release_JP|Win32.ActiveCfg = Release_JP|Win32
		{BE23CF77-921D-4747-A02A-038DB1E487E2}.Release_JP|Win32.Build.0 = Release_JP|Win32
		{BE23CF77-921D-4747-A02A-038DB1E487E2}.Release_JP|x64.ActiveCfg = Release_JP|x64
		{BE23CF77-921D-4747-A02A-038DB1E487E2}.Release_JP|x64.Build.0 = Release_JP|x64
		{BE23CF77-921D-4747-A02A-038DB1E487E2}.Release_KR|Win32.ActiveCfg = Release_KR|Win32
		{BE23CF77-921D-4747-A02A-038DB1E487E2}.Release_KR|Win32.Build.0 = Release_KR|Win32
		{BE23CF77-921D-4747-A02A-038DB1E487E2}.Release_KR|x64.ActiveCfg = Release_KR|x64
		{BE23CF77-921D-4747-A02A-038DB1E487E2}.Release_KR|x64.Build.0 = Release_KR|x64
		{BE23CF77-921D-4747-A02A-038DB1E487E2}.Release|Win32.ActiveCfg = Release|Win32
		{BE23CF77-921D-4747-A02A-038DB1E487E2}.Release|Win32.Build.0 = Release|Win32
		{BE23CF77-921D-4747-A02A-038DB1E487E2}.Release|x64.ActiveCfg = Release|x64
		{BE23CF77-921D-4747-A02A-038DB1E487E2}.Release|x64.Build.0 = Release|x64
		{89343DCF-FB2E-4A86-83BF-9AD3DCA0062B}.Debug_CH|Win32.ActiveCfg = Debug_DLL|x64
		{89343DCF-FB2E-4A86-83BF-9AD3DCA0062B}.Debug_CH|x64.ActiveCfg = Debug_DLL|x64
		{89343DCF-FB2E-4A86-83BF-9AD3DCA0062B}.Debug_CH|x64.Build.0 = Debug_DLL|x64
		{89343DCF-FB2E-4A86-83BF-9AD3DCA0062B}.Debug_DLL|Win32.ActiveCfg = Debug_DLL|Win32
		{89343DCF-FB2E-4A86-83BF-9AD3DCA0062B}.Debug_DLL|Win32.Build.0 = Debug_DLL|Win32
		{89343DCF-FB2E-4A86-83BF-9AD3DCA0062B}.Debug_DLL|x64.ActiveCfg = Debug_DLL|x64
		{89343DCF-FB2E-4A86-83BF-9AD3DCA0062B}.Debug_DLL|x64.Build.0 = Debug_DLL|x64
		{89343DCF-FB2E-4A86-83BF-9AD3DCA0062B}.Debug_JP|Win32.ActiveCfg = Debug_DLL|x64
		{89343DCF-FB2E-4A86-83BF-9AD3DCA0062B}.Debug_JP|x64.ActiveCfg = Debug_DLL|x64
		{89343DCF-FB2E-4A86-83BF-9AD3DCA0062B}.Debug_JP|x64.Build.0 = Debug_DLL|x64
		{89343DCF-FB2E-4A86-83BF-9AD3DCA0062B}.Debug_Kr|Win32.ActiveCfg = Debug_DLL|x64
		{89343DCF-FB2E-4A86-83BF-9AD3DCA0062B}.Debug_Kr|x64.ActiveCfg = Debug_DLL|x64
		{89343DCF-FB2E-4A86-83BF-9AD3DCA0062B}.Debug_Kr|x64.Build.0 = Debug_DLL|x64
		{89343DCF-FB2E-4A86-83BF-9AD3DCA0062B}.Debug_LocalBuild|Win32.ActiveCfg = Debug|Win32
		{89343DCF-FB2E-4A86-83BF-9AD3DCA0062B}.Debug_LocalBuild|Win32.Build.0 = Debug|Win32
		{89343DCF-FB2E-4A86-83BF-9AD3DCA0062B}.Debug_LocalBuild|x64.ActiveCfg = Debug_DLL|x64
		{89343DCF-FB2E-4A86-83BF-9AD3DCA0062B}.Debug_LocalBuild|x64.Build.0 = Debug_DLL|x64
		{89343DCF-FB2E-4A86-83BF-9AD3DCA0062B}.Debug|Win32.ActiveCfg = Debug|Win32
		{89343DCF-FB2E-4A86-83BF-9AD3DCA0062B}.Debug|Win32.Build.0 = Debug|Win32
		{89343DCF-FB2E-4A86-83BF-9AD3DCA0062B}.Debug|x64.ActiveCfg = Debug|x64
		{89343DCF-FB2E-4A86-83BF-9AD3DCA0062B}.Debug|x64.Build.0 = Debug|x64
		{89343DCF-FB2E-4A86-83BF-9AD3DCA0062B}.RDebug|Win32.ActiveCfg = RDebug|Win32
		{89343DCF-FB2E-4A86-83BF-9AD3DCA0062B}.RDebug|Win32.Build.0 = RDebug|Win32
		{89343DCF-FB2E-4A86-83BF-9AD3DCA0062B}.RDebug|x64.ActiveCfg = RDebug|x64
		{89343DCF-FB2E-4A86-83BF-9AD3DCA0062B}.RDebug|x64.Build.0 = RDebug|x64
		{89343DCF-FB2E-4A86-83BF-9AD3DCA0062B}.Release_CH|Win32.ActiveCfg = Release_DLL|x64
		{89343DCF-FB2E-4A86-83BF-9AD3DCA0062B}.Release_CH|x64.ActiveCfg = Release_DLL|x64
		{89343DCF-FB2E-4A86-83BF-9AD3DCA0062B}.Release_CH|x64.Build.0 = Release_DLL|x64
		{89343DCF-FB2E-4A86-83BF-9AD3DCA0062B}.Release_DLL|Win32.ActiveCfg = Release_DLL|Win32
		{89343DCF-FB2E-4A86-83BF-9AD3DCA0062B}.Release_DLL|Win32.Build.0 = Release_DLL|Win32
		{89343DCF-FB2E-4A86-83BF-9AD3DCA0062B}.Release_DLL|x64.ActiveCfg = Release_DLL|x64
		{89343DCF-FB2E-4A86-83BF-9AD3DCA0062B}.Release_DLL|x64.Build.0 = Release_DLL|x64
		{89343DCF-FB2E-4A86-83BF-9AD3DCA0062B}.Release_JP|Win32.ActiveCfg = Release_DLL|x64
		{89343DCF-FB2E-4A86-83BF-9AD3DCA0062B}.Release_JP|x64.ActiveCfg = Release_DLL|x64
		{89343DCF-FB2E-4A86-83BF-9AD3DCA0062B}.Release_JP|x64.Build.0 = Release_DLL|x64
		{89343DCF-FB2E-4A86-83BF-9AD3DCA0062B}.Release_KR|Win32.ActiveCfg = Release_DLL|x64
		{89343DCF-FB2E-4A86-83BF-9AD3DCA0062B}.Release_KR|x64.ActiveCfg = Release_DLL|x64
		{89343DCF-FB2E-4A86-83BF-9AD3DCA0062B}.Release_KR|x64.Build.0 = Release_DLL|x64
		{89343DCF-FB2E-4A86-83BF-9AD3DCA0062B}.Release|Win32.ActiveCfg = Release|Win32
		{89343DCF-FB2E-4A86-83BF-9AD3DCA0062B}.Release|Win32.Build.0 = Release|Win32
		{89343DCF-FB2E-4A86-83BF-9AD3DCA0062B}.Release|x64.ActiveCfg = Release|x64
		{89343DCF-FB2E-4A86-83BF-9AD3DCA0062B}.Release|x64.Build.0 = Release|x64
		{ECAA74A5-5200-4BD9-A3EE-072999A59873}.Debug_CH|Win32.ActiveCfg = Debug_DLL|Win32
		{ECAA74A5-5200-4BD9-A3EE-072999A59873}.Debug_CH|Win32.Build.0 = Debug_DLL|Win32
		{ECAA74A5-5200-4BD9-A3EE-072999A59873}.Debug_CH|x64.ActiveCfg = Debug_DLL|Win32
		{ECAA74A5-5200-4BD9-A3EE-072999A59873}.Debug_DLL|Win32.ActiveCfg = Debug_DLL|Win32
		{ECAA74A5-5200-4BD9-A3EE-072999A59873}.Debug_DLL|Win32.Build.0 = Debug_DLL|Win32
		{ECAA74A5-5200-4BD9-A3EE-072999A59873}.Debug_DLL|x64.ActiveCfg = Debug_DLL|Win32
		{ECAA74A5-5200-4BD9-A3EE-072999A59873}.Debug_JP|Win32.ActiveCfg = Debug_DLL|Win32
		{ECAA74A5-5200-4BD9-A3EE-072999A59873}.Debug_JP|Win32.Build.0 = Debug_DLL|Win32
		{ECAA74A5-5200-4BD9-A3EE-072999A59873}.Debug_JP|x64.ActiveCfg = Debug_DLL|Win32
		{ECAA74A5-5200-4BD9-A3EE-072999A59873}.Debug_Kr|Win32.ActiveCfg = Debug_DLL|Win32
		{ECAA74A5-5200-4BD9-A3EE-072999A59873}.Debug_Kr|Win32.Build.0 = Debug_DLL|Win32
		{ECAA74A5-5200-4BD9-A3EE-072999A59873}.Debug_Kr|x64.ActiveCfg = Debug_DLL|Win32
		{ECAA74A5-5200-4BD9-A3EE-072999A59873}.Debug_LocalBuild|Win32.ActiveCfg = Debug_DLL|Win32
		{ECAA74A5-5200-4BD9-A3EE-072999A59873}.Debug_LocalBuild|Win32.Build.0 = Debug_DLL|Win32
		{ECAA74A5-5200-4BD9-A3EE-072999A59873}.Debug_LocalBuild|x64.ActiveCfg = Debug_DLL|Win32
		{ECAA74A5-5200-4BD9-A3EE-072999A59873}.Debug|Win32.ActiveCfg = Debug|Win32
		{ECAA74A5-5200-4BD9-A3EE-072999A59873}.Debug|Win32.Build.0 = Debug|Win32
		{ECAA74A5-5200-4BD9-A3EE-072999A59873}.Debug|x64.ActiveCfg = Debug|Win32
		{ECAA74A5-5200-4BD9-A3EE-072999A59873}.RDebug|Win32.ActiveCfg = RDebug|Win32
		{ECAA74A5-5200-4BD9-A3EE-072999A59873}.RDebug|Win32.Build.0 = RDebug|Win32
		{ECAA74A5-5200-4BD9-A3EE-072999A59873}.RDebug|x64.ActiveCfg = RDebug|Win32
		{ECAA74A5-5200-4BD9-A3EE-072999A59873}.Release_CH|Win32.ActiveCfg = Release_DLL|Win32
		{ECAA74A5-5200-4BD9-A3EE-072999A59873}.Release_CH|Win32.Build.0 = Release_DLL|Win32
		{ECAA74A5-5200-4BD9-A3EE-072999A59873}.Release_CH|x64.ActiveCfg = Release_DLL|Win32
		{ECAA74A5-5200-4BD9-A3EE-072999A59873}.Release_DLL|Win32.ActiveCfg = Release_DLL|Win32
		{ECAA74A5-5200-4BD9-A3EE-072999A59873}.Release_DLL|Win32.Build.0 = Release_DLL|Win32
		{ECAA74A5-5200-4BD9-A3EE-072999A59873}.Release_DLL|x64.ActiveCfg = Release_DLL|Win32
		{ECAA74A5-5200-4BD9-A3EE-072999A59873}.Release_JP|Win32.ActiveCfg = Release_DLL|Win32
		{ECAA74A5-5200-4BD9-A3EE-072999A59873}.Release_JP|Win32.Build.0 = Release_DLL|Win32
		{ECAA74A5-5200-4BD9-A3EE-072999A59873}.Release_JP|x64.ActiveCfg = Release_DLL|Win32
		{ECAA74A5-5200-4BD9-A3EE-072999A59873}.Release_KR|Win32.ActiveCfg = Release_DLL|Win32
		{ECAA74A5-5200-4BD9-A3EE-072999A59873}.Release_KR|Win32.Build.0 = Release_DLL|Win32
		{ECAA74A5-5200-4BD9-A3EE-072999A59873}.Release_KR|x64.ActiveCfg = Release_DLL|Win32
		{ECAA74A5-5200-4BD9-A3EE-072999A59873}.Release|Win32.ActiveCfg = Release|Win32
		{ECAA74A5-5200-4BD9-A3EE-072999A59873}.Release|Win32.Build.0 = Release|Win32
		{ECAA74A5-5200-4BD9-A3EE-072999A59873}.Release|x64.ActiveCfg = Release|Win32
	EndGlobalSection
	GlobalSection(SolutionProperties) = preSolution
		HideSolutionNode = FALSE
	EndGlobalSection
EndGlobal
