
Microsoft Visual Studio Solution File, Format Version 12.00
# Visual Studio Version 17
VisualStudioVersion = 17.12.35527.113
MinimumVisualStudioVersion = 10.0.40219.1
Project("{8BC9CEB8-8B4A-11D0-8D11-00A0C91BC942}") = "DNLogServer", "DNLogServer.vcxproj", "{F073D9F4-2A28-44C3-9660-6C848FE70779}"
EndProject
Project("{8BC9CEB8-8B4A-11D0-8D11-00A0C91BC942}") = "Utility", "..\..\Common\Utility\Utility.vcxproj", "{89343DCF-FB2E-4A86-83BF-9AD3DCA0062B}"
EndProject
Global
	GlobalSection(SolutionConfigurationPlatforms) = preSolution
		Debug_CH|Win32 = Debug_CH|Win32
		Debug_CH|x64 = Debug_CH|x64
		Debug_EU|Win32 = Debug_EU|Win32
		Debug_EU|x64 = Debug_EU|x64
		Debug_ID|Win32 = Debug_ID|Win32
		Debug_ID|x64 = Debug_ID|x64
		Debug_JP|Win32 = Debug_JP|Win32
		Debug_JP|x64 = Debug_JP|x64
		Debug_KR|Win32 = Debug_KR|Win32
		Debug_KR|x64 = Debug_KR|x64
		Debug_KRAZ|Win32 = Debug_KRAZ|Win32
		Debug_KRAZ|x64 = Debug_KRAZ|x64
		Debug_RU|Win32 = Debug_RU|Win32
		Debug_RU|x64 = Debug_RU|x64
		Debug_SG|Win32 = Debug_SG|Win32
		Debug_SG|x64 = Debug_SG|x64
		Debug_TH|Win32 = Debug_TH|Win32
		Debug_TH|x64 = Debug_TH|x64
		Debug_TW|Win32 = Debug_TW|Win32
		Debug_TW|x64 = Debug_TW|x64
		Debug_US|Win32 = Debug_US|Win32
		Debug_US|x64 = Debug_US|x64
		Debug_Work|Win32 = Debug_Work|Win32
		Debug_Work|x64 = Debug_Work|x64
		Debug|Win32 = Debug|Win32
		Debug|x64 = Debug|x64
		Release_CH|Win32 = Release_CH|Win32
		Release_CH|x64 = Release_CH|x64
		Release_EU|Win32 = Release_EU|Win32
		Release_EU|x64 = Release_EU|x64
		Release_ID|Win32 = Release_ID|Win32
		Release_ID|x64 = Release_ID|x64
		Release_JP|Win32 = Release_JP|Win32
		Release_JP|x64 = Release_JP|x64
		Release_KR|Win32 = Release_KR|Win32
		Release_KR|x64 = Release_KR|x64
		Release_KRAZ|Win32 = Release_KRAZ|Win32
		Release_KRAZ|x64 = Release_KRAZ|x64
		Release_RU|Win32 = Release_RU|Win32
		Release_RU|x64 = Release_RU|x64
		Release_SG|Win32 = Release_SG|Win32
		Release_SG|x64 = Release_SG|x64
		Release_TH|Win32 = Release_TH|Win32
		Release_TH|x64 = Release_TH|x64
		Release_TW|Win32 = Release_TW|Win32
		Release_TW|x64 = Release_TW|x64
		Release_US|Win32 = Release_US|Win32
		Release_US|x64 = Release_US|x64
		Release|Win32 = Release|Win32
		Release|x64 = Release|x64
	EndGlobalSection
	GlobalSection(ProjectConfigurationPlatforms) = postSolution
		{F073D9F4-2A28-44C3-9660-6C848FE70779}.Debug_CH|Win32.ActiveCfg = Debug_CH|Win32
		{F073D9F4-2A28-44C3-9660-6C848FE70779}.Debug_CH|Win32.Build.0 = Debug_CH|Win32
		{F073D9F4-2A28-44C3-9660-6C848FE70779}.Debug_CH|x64.ActiveCfg = Debug_CH|x64
		{F073D9F4-2A28-44C3-9660-6C848FE70779}.Debug_CH|x64.Build.0 = Debug_CH|x64
		{F073D9F4-2A28-44C3-9660-6C848FE70779}.Debug_EU|Win32.ActiveCfg = Debug_EU|Win32
		{F073D9F4-2A28-44C3-9660-6C848FE70779}.Debug_EU|Win32.Build.0 = Debug_EU|Win32
		{F073D9F4-2A28-44C3-9660-6C848FE70779}.Debug_EU|x64.ActiveCfg = Debug_EU|x64
		{F073D9F4-2A28-44C3-9660-6C848FE70779}.Debug_EU|x64.Build.0 = Debug_EU|x64
		{F073D9F4-2A28-44C3-9660-6C848FE70779}.Debug_ID|Win32.ActiveCfg = Debug_ID|Win32
		{F073D9F4-2A28-44C3-9660-6C848FE70779}.Debug_ID|Win32.Build.0 = Debug_ID|Win32
		{F073D9F4-2A28-44C3-9660-6C848FE70779}.Debug_ID|x64.ActiveCfg = Debug_ID|x64
		{F073D9F4-2A28-44C3-9660-6C848FE70779}.Debug_ID|x64.Build.0 = Debug_ID|x64
		{F073D9F4-2A28-44C3-9660-6C848FE70779}.Debug_JP|Win32.ActiveCfg = Debug_JP|Win32
		{F073D9F4-2A28-44C3-9660-6C848FE70779}.Debug_JP|Win32.Build.0 = Debug_JP|Win32
		{F073D9F4-2A28-44C3-9660-6C848FE70779}.Debug_JP|x64.ActiveCfg = Debug_JP|x64
		{F073D9F4-2A28-44C3-9660-6C848FE70779}.Debug_JP|x64.Build.0 = Debug_JP|x64
		{F073D9F4-2A28-44C3-9660-6C848FE70779}.Debug_KR|Win32.ActiveCfg = Debug_KR|Win32
		{F073D9F4-2A28-44C3-9660-6C848FE70779}.Debug_KR|Win32.Build.0 = Debug_KR|Win32
		{F073D9F4-2A28-44C3-9660-6C848FE70779}.Debug_KR|x64.ActiveCfg = Debug_KR|x64
		{F073D9F4-2A28-44C3-9660-6C848FE70779}.Debug_KR|x64.Build.0 = Debug_KR|x64
		{F073D9F4-2A28-44C3-9660-6C848FE70779}.Debug_KRAZ|Win32.ActiveCfg = Debug_KRAZ|Win32
		{F073D9F4-2A28-44C3-9660-6C848FE70779}.Debug_KRAZ|Win32.Build.0 = Debug_KRAZ|Win32
		{F073D9F4-2A28-44C3-9660-6C848FE70779}.Debug_KRAZ|x64.ActiveCfg = Debug_KRAZ|x64
		{F073D9F4-2A28-44C3-9660-6C848FE70779}.Debug_KRAZ|x64.Build.0 = Debug_KRAZ|x64
		{F073D9F4-2A28-44C3-9660-6C848FE70779}.Debug_RU|Win32.ActiveCfg = Debug_RU|Win32
		{F073D9F4-2A28-44C3-9660-6C848FE70779}.Debug_RU|Win32.Build.0 = Debug_RU|Win32
		{F073D9F4-2A28-44C3-9660-6C848FE70779}.Debug_RU|x64.ActiveCfg = Debug_RU|x64
		{F073D9F4-2A28-44C3-9660-6C848FE70779}.Debug_RU|x64.Build.0 = Debug_RU|x64
		{F073D9F4-2A28-44C3-9660-6C848FE70779}.Debug_SG|Win32.ActiveCfg = Debug_SG|Win32
		{F073D9F4-2A28-44C3-9660-6C848FE70779}.Debug_SG|Win32.Build.0 = Debug_SG|Win32
		{F073D9F4-2A28-44C3-9660-6C848FE70779}.Debug_SG|x64.ActiveCfg = Debug_SG|x64
		{F073D9F4-2A28-44C3-9660-6C848FE70779}.Debug_SG|x64.Build.0 = Debug_SG|x64
		{F073D9F4-2A28-44C3-9660-6C848FE70779}.Debug_TH|Win32.ActiveCfg = Debug_TH|Win32
		{F073D9F4-2A28-44C3-9660-6C848FE70779}.Debug_TH|Win32.Build.0 = Debug_TH|Win32
		{F073D9F4-2A28-44C3-9660-6C848FE70779}.Debug_TH|x64.ActiveCfg = Debug_TH|x64
		{F073D9F4-2A28-44C3-9660-6C848FE70779}.Debug_TH|x64.Build.0 = Debug_TH|x64
		{F073D9F4-2A28-44C3-9660-6C848FE70779}.Debug_TW|Win32.ActiveCfg = Debug_TW|Win32
		{F073D9F4-2A28-44C3-9660-6C848FE70779}.Debug_TW|Win32.Build.0 = Debug_TW|Win32
		{F073D9F4-2A28-44C3-9660-6C848FE70779}.Debug_TW|x64.ActiveCfg = Debug_TW|x64
		{F073D9F4-2A28-44C3-9660-6C848FE70779}.Debug_TW|x64.Build.0 = Debug_TW|x64
		{F073D9F4-2A28-44C3-9660-6C848FE70779}.Debug_US|Win32.ActiveCfg = Debug_US|Win32
		{F073D9F4-2A28-44C3-9660-6C848FE70779}.Debug_US|Win32.Build.0 = Debug_US|Win32
		{F073D9F4-2A28-44C3-9660-6C848FE70779}.Debug_US|x64.ActiveCfg = Debug_US|x64
		{F073D9F4-2A28-44C3-9660-6C848FE70779}.Debug_US|x64.Build.0 = Debug_US|x64
		{F073D9F4-2A28-44C3-9660-6C848FE70779}.Debug_Work|Win32.ActiveCfg = Debug_Work|Win32
		{F073D9F4-2A28-44C3-9660-6C848FE70779}.Debug_Work|Win32.Build.0 = Debug_Work|Win32
		{F073D9F4-2A28-44C3-9660-6C848FE70779}.Debug_Work|x64.ActiveCfg = Debug_Work|x64
		{F073D9F4-2A28-44C3-9660-6C848FE70779}.Debug_Work|x64.Build.0 = Debug_Work|x64
		{F073D9F4-2A28-44C3-9660-6C848FE70779}.Debug|Win32.ActiveCfg = Debug|Win32
		{F073D9F4-2A28-44C3-9660-6C848FE70779}.Debug|Win32.Build.0 = Debug|Win32
		{F073D9F4-2A28-44C3-9660-6C848FE70779}.Debug|x64.ActiveCfg = Debug|x64
		{F073D9F4-2A28-44C3-9660-6C848FE70779}.Debug|x64.Build.0 = Debug|x64
		{F073D9F4-2A28-44C3-9660-6C848FE70779}.Release_CH|Win32.ActiveCfg = Release_CH|Win32
		{F073D9F4-2A28-44C3-9660-6C848FE70779}.Release_CH|Win32.Build.0 = Release_CH|Win32
		{F073D9F4-2A28-44C3-9660-6C848FE70779}.Release_CH|x64.ActiveCfg = Release_CH|x64
		{F073D9F4-2A28-44C3-9660-6C848FE70779}.Release_CH|x64.Build.0 = Release_CH|x64
		{F073D9F4-2A28-44C3-9660-6C848FE70779}.Release_EU|Win32.ActiveCfg = Release_EU|Win32
		{F073D9F4-2A28-44C3-9660-6C848FE70779}.Release_EU|Win32.Build.0 = Release_EU|Win32
		{F073D9F4-2A28-44C3-9660-6C848FE70779}.Release_EU|x64.ActiveCfg = Release_EU|x64
		{F073D9F4-2A28-44C3-9660-6C848FE70779}.Release_EU|x64.Build.0 = Release_EU|x64
		{F073D9F4-2A28-44C3-9660-6C848FE70779}.Release_ID|Win32.ActiveCfg = Release_ID|Win32
		{F073D9F4-2A28-44C3-9660-6C848FE70779}.Release_ID|Win32.Build.0 = Release_ID|Win32
		{F073D9F4-2A28-44C3-9660-6C848FE70779}.Release_ID|x64.ActiveCfg = Release_ID|x64
		{F073D9F4-2A28-44C3-9660-6C848FE70779}.Release_ID|x64.Build.0 = Release_ID|x64
		{F073D9F4-2A28-44C3-9660-6C848FE70779}.Release_JP|Win32.ActiveCfg = Release_JP|Win32
		{F073D9F4-2A28-44C3-9660-6C848FE70779}.Release_JP|Win32.Build.0 = Release_JP|Win32
		{F073D9F4-2A28-44C3-9660-6C848FE70779}.Release_JP|x64.ActiveCfg = Release_JP|x64
		{F073D9F4-2A28-44C3-9660-6C848FE70779}.Release_JP|x64.Build.0 = Release_JP|x64
		{F073D9F4-2A28-44C3-9660-6C848FE70779}.Release_KR|Win32.ActiveCfg = Release_KR|Win32
		{F073D9F4-2A28-44C3-9660-6C848FE70779}.Release_KR|Win32.Build.0 = Release_KR|Win32
		{F073D9F4-2A28-44C3-9660-6C848FE70779}.Release_KR|x64.ActiveCfg = Release_KR|x64
		{F073D9F4-2A28-44C3-9660-6C848FE70779}.Release_KR|x64.Build.0 = Release_KR|x64
		{F073D9F4-2A28-44C3-9660-6C848FE70779}.Release_KRAZ|Win32.ActiveCfg = Release_KRAZ|Win32
		{F073D9F4-2A28-44C3-9660-6C848FE70779}.Release_KRAZ|Win32.Build.0 = Release_KRAZ|Win32
		{F073D9F4-2A28-44C3-9660-6C848FE70779}.Release_KRAZ|x64.ActiveCfg = Release_KRAZ|x64
		{F073D9F4-2A28-44C3-9660-6C848FE70779}.Release_KRAZ|x64.Build.0 = Release_KRAZ|x64
		{F073D9F4-2A28-44C3-9660-6C848FE70779}.Release_RU|Win32.ActiveCfg = Release_RU|Win32
		{F073D9F4-2A28-44C3-9660-6C848FE70779}.Release_RU|Win32.Build.0 = Release_RU|Win32
		{F073D9F4-2A28-44C3-9660-6C848FE70779}.Release_RU|x64.ActiveCfg = Release_RU|x64
		{F073D9F4-2A28-44C3-9660-6C848FE70779}.Release_RU|x64.Build.0 = Release_RU|x64
		{F073D9F4-2A28-44C3-9660-6C848FE70779}.Release_SG|Win32.ActiveCfg = Release_SG|Win32
		{F073D9F4-2A28-44C3-9660-6C848FE70779}.Release_SG|Win32.Build.0 = Release_SG|Win32
		{F073D9F4-2A28-44C3-9660-6C848FE70779}.Release_SG|x64.ActiveCfg = Release_SG|x64
		{F073D9F4-2A28-44C3-9660-6C848FE70779}.Release_SG|x64.Build.0 = Release_SG|x64
		{F073D9F4-2A28-44C3-9660-6C848FE70779}.Release_TH|Win32.ActiveCfg = Release_TH|Win32
		{F073D9F4-2A28-44C3-9660-6C848FE70779}.Release_TH|Win32.Build.0 = Release_TH|Win32
		{F073D9F4-2A28-44C3-9660-6C848FE70779}.Release_TH|x64.ActiveCfg = Release_TH|x64
		{F073D9F4-2A28-44C3-9660-6C848FE70779}.Release_TH|x64.Build.0 = Release_TH|x64
		{F073D9F4-2A28-44C3-9660-6C848FE70779}.Release_TW|Win32.ActiveCfg = Release_TW|Win32
		{F073D9F4-2A28-44C3-9660-6C848FE70779}.Release_TW|Win32.Build.0 = Release_TW|Win32
		{F073D9F4-2A28-44C3-9660-6C848FE70779}.Release_TW|x64.ActiveCfg = Release_TW|x64
		{F073D9F4-2A28-44C3-9660-6C848FE70779}.Release_TW|x64.Build.0 = Release_TW|x64
		{F073D9F4-2A28-44C3-9660-6C848FE70779}.Release_US|Win32.ActiveCfg = Release_US|Win32
		{F073D9F4-2A28-44C3-9660-6C848FE70779}.Release_US|Win32.Build.0 = Release_US|Win32
		{F073D9F4-2A28-44C3-9660-6C848FE70779}.Release_US|x64.ActiveCfg = Release_US|x64
		{F073D9F4-2A28-44C3-9660-6C848FE70779}.Release_US|x64.Build.0 = Release_US|x64
		{F073D9F4-2A28-44C3-9660-6C848FE70779}.Release|Win32.ActiveCfg = Release|Win32
		{F073D9F4-2A28-44C3-9660-6C848FE70779}.Release|Win32.Build.0 = Release|Win32
		{F073D9F4-2A28-44C3-9660-6C848FE70779}.Release|x64.ActiveCfg = Release|x64
		{F073D9F4-2A28-44C3-9660-6C848FE70779}.Release|x64.Build.0 = Release|x64
		{89343DCF-FB2E-4A86-83BF-9AD3DCA0062B}.Debug_CH|Win32.ActiveCfg = Debug|Win32
		{89343DCF-FB2E-4A86-83BF-9AD3DCA0062B}.Debug_CH|Win32.Build.0 = Debug|Win32
		{89343DCF-FB2E-4A86-83BF-9AD3DCA0062B}.Debug_CH|x64.ActiveCfg = Debug|x64
		{89343DCF-FB2E-4A86-83BF-9AD3DCA0062B}.Debug_CH|x64.Build.0 = Debug|x64
		{89343DCF-FB2E-4A86-83BF-9AD3DCA0062B}.Debug_EU|Win32.ActiveCfg = Debug|Win32
		{89343DCF-FB2E-4A86-83BF-9AD3DCA0062B}.Debug_EU|Win32.Build.0 = Debug|Win32
		{89343DCF-FB2E-4A86-83BF-9AD3DCA0062B}.Debug_EU|x64.ActiveCfg = Debug|x64
		{89343DCF-FB2E-4A86-83BF-9AD3DCA0062B}.Debug_EU|x64.Build.0 = Debug|x64
		{89343DCF-FB2E-4A86-83BF-9AD3DCA0062B}.Debug_ID|Win32.ActiveCfg = Debug|Win32
		{89343DCF-FB2E-4A86-83BF-9AD3DCA0062B}.Debug_ID|Win32.Build.0 = Debug|Win32
		{89343DCF-FB2E-4A86-83BF-9AD3DCA0062B}.Debug_ID|x64.ActiveCfg = Debug|x64
		{89343DCF-FB2E-4A86-83BF-9AD3DCA0062B}.Debug_ID|x64.Build.0 = Debug|x64
		{89343DCF-FB2E-4A86-83BF-9AD3DCA0062B}.Debug_JP|Win32.ActiveCfg = Debug|Win32
		{89343DCF-FB2E-4A86-83BF-9AD3DCA0062B}.Debug_JP|Win32.Build.0 = Debug|Win32
		{89343DCF-FB2E-4A86-83BF-9AD3DCA0062B}.Debug_JP|x64.ActiveCfg = Debug|x64
		{89343DCF-FB2E-4A86-83BF-9AD3DCA0062B}.Debug_JP|x64.Build.0 = Debug|x64
		{89343DCF-FB2E-4A86-83BF-9AD3DCA0062B}.Debug_KR|Win32.ActiveCfg = Debug|Win32
		{89343DCF-FB2E-4A86-83BF-9AD3DCA0062B}.Debug_KR|Win32.Build.0 = Debug|Win32
		{89343DCF-FB2E-4A86-83BF-9AD3DCA0062B}.Debug_KR|x64.ActiveCfg = Debug|x64
		{89343DCF-FB2E-4A86-83BF-9AD3DCA0062B}.Debug_KR|x64.Build.0 = Debug|x64
		{89343DCF-FB2E-4A86-83BF-9AD3DCA0062B}.Debug_KRAZ|Win32.ActiveCfg = Debug|Win32
		{89343DCF-FB2E-4A86-83BF-9AD3DCA0062B}.Debug_KRAZ|Win32.Build.0 = Debug|Win32
		{89343DCF-FB2E-4A86-83BF-9AD3DCA0062B}.Debug_KRAZ|x64.ActiveCfg = Debug|x64
		{89343DCF-FB2E-4A86-83BF-9AD3DCA0062B}.Debug_KRAZ|x64.Build.0 = Debug|x64
		{89343DCF-FB2E-4A86-83BF-9AD3DCA0062B}.Debug_RU|Win32.ActiveCfg = Debug|Win32
		{89343DCF-FB2E-4A86-83BF-9AD3DCA0062B}.Debug_RU|Win32.Build.0 = Debug|Win32
		{89343DCF-FB2E-4A86-83BF-9AD3DCA0062B}.Debug_RU|x64.ActiveCfg = Debug|x64
		{89343DCF-FB2E-4A86-83BF-9AD3DCA0062B}.Debug_RU|x64.Build.0 = Debug|x64
		{89343DCF-FB2E-4A86-83BF-9AD3DCA0062B}.Debug_SG|Win32.ActiveCfg = Debug|Win32
		{89343DCF-FB2E-4A86-83BF-9AD3DCA0062B}.Debug_SG|Win32.Build.0 = Debug|Win32
		{89343DCF-FB2E-4A86-83BF-9AD3DCA0062B}.Debug_SG|x64.ActiveCfg = Debug|x64
		{89343DCF-FB2E-4A86-83BF-9AD3DCA0062B}.Debug_SG|x64.Build.0 = Debug|x64
		{89343DCF-FB2E-4A86-83BF-9AD3DCA0062B}.Debug_TH|Win32.ActiveCfg = Debug|Win32
		{89343DCF-FB2E-4A86-83BF-9AD3DCA0062B}.Debug_TH|Win32.Build.0 = Debug|Win32
		{89343DCF-FB2E-4A86-83BF-9AD3DCA0062B}.Debug_TH|x64.ActiveCfg = Debug|x64
		{89343DCF-FB2E-4A86-83BF-9AD3DCA0062B}.Debug_TH|x64.Build.0 = Debug|x64
		{89343DCF-FB2E-4A86-83BF-9AD3DCA0062B}.Debug_TW|Win32.ActiveCfg = Debug|Win32
		{89343DCF-FB2E-4A86-83BF-9AD3DCA0062B}.Debug_TW|Win32.Build.0 = Debug|Win32
		{89343DCF-FB2E-4A86-83BF-9AD3DCA0062B}.Debug_TW|x64.ActiveCfg = Debug|x64
		{89343DCF-FB2E-4A86-83BF-9AD3DCA0062B}.Debug_TW|x64.Build.0 = Debug|x64
		{89343DCF-FB2E-4A86-83BF-9AD3DCA0062B}.Debug_US|Win32.ActiveCfg = Debug|Win32
		{89343DCF-FB2E-4A86-83BF-9AD3DCA0062B}.Debug_US|Win32.Build.0 = Debug|Win32
		{89343DCF-FB2E-4A86-83BF-9AD3DCA0062B}.Debug_US|x64.ActiveCfg = Debug|x64
		{89343DCF-FB2E-4A86-83BF-9AD3DCA0062B}.Debug_US|x64.Build.0 = Debug|x64
		{89343DCF-FB2E-4A86-83BF-9AD3DCA0062B}.Debug_Work|Win32.ActiveCfg = Debug|Win32
		{89343DCF-FB2E-4A86-83BF-9AD3DCA0062B}.Debug_Work|Win32.Build.0 = Debug|Win32
		{89343DCF-FB2E-4A86-83BF-9AD3DCA0062B}.Debug_Work|x64.ActiveCfg = Debug|x64
		{89343DCF-FB2E-4A86-83BF-9AD3DCA0062B}.Debug_Work|x64.Build.0 = Debug|x64
		{89343DCF-FB2E-4A86-83BF-9AD3DCA0062B}.Debug|Win32.ActiveCfg = Debug|Win32
		{89343DCF-FB2E-4A86-83BF-9AD3DCA0062B}.Debug|Win32.Build.0 = Debug|Win32
		{89343DCF-FB2E-4A86-83BF-9AD3DCA0062B}.Debug|x64.ActiveCfg = Debug|x64
		{89343DCF-FB2E-4A86-83BF-9AD3DCA0062B}.Debug|x64.Build.0 = Debug|x64
		{89343DCF-FB2E-4A86-83BF-9AD3DCA0062B}.Release_CH|Win32.ActiveCfg = Release|Win32
		{89343DCF-FB2E-4A86-83BF-9AD3DCA0062B}.Release_CH|Win32.Build.0 = Release|Win32
		{89343DCF-FB2E-4A86-83BF-9AD3DCA0062B}.Release_CH|x64.ActiveCfg = Release|x64
		{89343DCF-FB2E-4A86-83BF-9AD3DCA0062B}.Release_CH|x64.Build.0 = Release|x64
		{89343DCF-FB2E-4A86-83BF-9AD3DCA0062B}.Release_EU|Win32.ActiveCfg = Release|Win32
		{89343DCF-FB2E-4A86-83BF-9AD3DCA0062B}.Release_EU|Win32.Build.0 = Release|Win32
		{89343DCF-FB2E-4A86-83BF-9AD3DCA0062B}.Release_EU|x64.ActiveCfg = Release|x64
		{89343DCF-FB2E-4A86-83BF-9AD3DCA0062B}.Release_EU|x64.Build.0 = Release|x64
		{89343DCF-FB2E-4A86-83BF-9AD3DCA0062B}.Release_ID|Win32.ActiveCfg = Release|Win32
		{89343DCF-FB2E-4A86-83BF-9AD3DCA0062B}.Release_ID|Win32.Build.0 = Release|Win32
		{89343DCF-FB2E-4A86-83BF-9AD3DCA0062B}.Release_ID|x64.ActiveCfg = Release|x64
		{89343DCF-FB2E-4A86-83BF-9AD3DCA0062B}.Release_ID|x64.Build.0 = Release|x64
		{89343DCF-FB2E-4A86-83BF-9AD3DCA0062B}.Release_JP|Win32.ActiveCfg = Release|Win32
		{89343DCF-FB2E-4A86-83BF-9AD3DCA0062B}.Release_JP|Win32.Build.0 = Release|Win32
		{89343DCF-FB2E-4A86-83BF-9AD3DCA0062B}.Release_JP|x64.ActiveCfg = Release|x64
		{89343DCF-FB2E-4A86-83BF-9AD3DCA0062B}.Release_JP|x64.Build.0 = Release|x64
		{89343DCF-FB2E-4A86-83BF-9AD3DCA0062B}.Release_KR|Win32.ActiveCfg = Release|Win32
		{89343DCF-FB2E-4A86-83BF-9AD3DCA0062B}.Release_KR|Win32.Build.0 = Release|Win32
		{89343DCF-FB2E-4A86-83BF-9AD3DCA0062B}.Release_KR|x64.ActiveCfg = Release|x64
		{89343DCF-FB2E-4A86-83BF-9AD3DCA0062B}.Release_KR|x64.Build.0 = Release|x64
		{89343DCF-FB2E-4A86-83BF-9AD3DCA0062B}.Release_KRAZ|Win32.ActiveCfg = Release|Win32
		{89343DCF-FB2E-4A86-83BF-9AD3DCA0062B}.Release_KRAZ|Win32.Build.0 = Release|Win32
		{89343DCF-FB2E-4A86-83BF-9AD3DCA0062B}.Release_KRAZ|x64.ActiveCfg = Release|x64
		{89343DCF-FB2E-4A86-83BF-9AD3DCA0062B}.Release_KRAZ|x64.Build.0 = Release|x64
		{89343DCF-FB2E-4A86-83BF-9AD3DCA0062B}.Release_RU|Win32.ActiveCfg = Release|Win32
		{89343DCF-FB2E-4A86-83BF-9AD3DCA0062B}.Release_RU|Win32.Build.0 = Release|Win32
		{89343DCF-FB2E-4A86-83BF-9AD3DCA0062B}.Release_RU|x64.ActiveCfg = Release|x64
		{89343DCF-FB2E-4A86-83BF-9AD3DCA0062B}.Release_RU|x64.Build.0 = Release|x64
		{89343DCF-FB2E-4A86-83BF-9AD3DCA0062B}.Release_SG|Win32.ActiveCfg = Release|Win32
		{89343DCF-FB2E-4A86-83BF-9AD3DCA0062B}.Release_SG|Win32.Build.0 = Release|Win32
		{89343DCF-FB2E-4A86-83BF-9AD3DCA0062B}.Release_SG|x64.ActiveCfg = Release|x64
		{89343DCF-FB2E-4A86-83BF-9AD3DCA0062B}.Release_SG|x64.Build.0 = Release|x64
		{89343DCF-FB2E-4A86-83BF-9AD3DCA0062B}.Release_TH|Win32.ActiveCfg = Release|Win32
		{89343DCF-FB2E-4A86-83BF-9AD3DCA0062B}.Release_TH|Win32.Build.0 = Release|Win32
		{89343DCF-FB2E-4A86-83BF-9AD3DCA0062B}.Release_TH|x64.ActiveCfg = Release|x64
		{89343DCF-FB2E-4A86-83BF-9AD3DCA0062B}.Release_TH|x64.Build.0 = Release|x64
		{89343DCF-FB2E-4A86-83BF-9AD3DCA0062B}.Release_TW|Win32.ActiveCfg = Release|Win32
		{89343DCF-FB2E-4A86-83BF-9AD3DCA0062B}.Release_TW|Win32.Build.0 = Release|Win32
		{89343DCF-FB2E-4A86-83BF-9AD3DCA0062B}.Release_TW|x64.ActiveCfg = Release|x64
		{89343DCF-FB2E-4A86-83BF-9AD3DCA0062B}.Release_TW|x64.Build.0 = Release|x64
		{89343DCF-FB2E-4A86-83BF-9AD3DCA0062B}.Release_US|Win32.ActiveCfg = Release|Win32
		{89343DCF-FB2E-4A86-83BF-9AD3DCA0062B}.Release_US|Win32.Build.0 = Release|Win32
		{89343DCF-FB2E-4A86-83BF-9AD3DCA0062B}.Release_US|x64.ActiveCfg = Release|x64
		{89343DCF-FB2E-4A86-83BF-9AD3DCA0062B}.Release_US|x64.Build.0 = Release|x64
		{89343DCF-FB2E-4A86-83BF-9AD3DCA0062B}.Release|Win32.ActiveCfg = Release|Win32
		{89343DCF-FB2E-4A86-83BF-9AD3DCA0062B}.Release|Win32.Build.0 = Release|Win32
		{89343DCF-FB2E-4A86-83BF-9AD3DCA0062B}.Release|x64.ActiveCfg = Release|x64
		{89343DCF-FB2E-4A86-83BF-9AD3DCA0062B}.Release|x64.Build.0 = Release|x64
	EndGlobalSection
	GlobalSection(SolutionProperties) = preSolution
		HideSolutionNode = FALSE
	EndGlobalSection
EndGlobal
