
Microsoft Visual Studio Solution File, Format Version 9.00
# Visual Studio 2005
Project("{8BC9CEB8-8B4A-11D0-8D11-00A0C91BC942}") = "ResourceSG", "ResourceSG.vcproj", "{AAAF85E0-1A44-4A53-9F4C-ED6FB1A2A4BE}"
EndProject
Global
	GlobalSection(SolutionConfigurationPlatforms) = preSolution
		Debug_SG|Win32 = Debug_SG|Win32
		Debug|Win32 = Debug|Win32
		Release_SG|Win32 = Release_SG|Win32
		Release|Win32 = Release|Win32
	EndGlobalSection
	GlobalSection(ProjectConfigurationPlatforms) = postSolution
		{AAAF85E0-1A44-4A53-9F4C-ED6FB1A2A4BE}.Debug_SG|Win32.ActiveCfg = Debug_SG|Win32
		{AAAF85E0-1A44-4A53-9F4C-ED6FB1A2A4BE}.Debug_SG|Win32.Build.0 = Debug_SG|Win32
		{AAAF85E0-1A44-4A53-9F4C-ED6FB1A2A4BE}.Debug|Win32.ActiveCfg = Debug|Win32
		{AAAF85E0-1A44-4A53-9F4C-ED6FB1A2A4BE}.Debug|Win32.Build.0 = Debug|Win32
		{AAAF85E0-1A44-4A53-9F4C-ED6FB1A2A4BE}.Release_SG|Win32.ActiveCfg = Release_SG|Win32
		{AAAF85E0-1A44-4A53-9F4C-ED6FB1A2A4BE}.Release_SG|Win32.Build.0 = Release_SG|Win32
		{AAAF85E0-1A44-4A53-9F4C-ED6FB1A2A4BE}.Release|Win32.ActiveCfg = Release|Win32
		{AAAF85E0-1A44-4A53-9F4C-ED6FB1A2A4BE}.Release|Win32.Build.0 = Release|Win32
	EndGlobalSection
	GlobalSection(SolutionProperties) = preSolution
		HideSolutionNode = FALSE
	EndGlobalSection
EndGlobal
